// !$*UTF8*$!
{
	archiveVersion = 1;
	classes = {
	};
	objectVersion = 46;
	objects = {

/* Begin PBXBuildFile section */
		360B76911A911A1200832CA9 /* myLibraryCVC.m in Sources */ = {isa = PBXBuildFile; fileRef = 360B76901A911A1200832CA9 /* myLibraryCVC.m */; };
		360BC7371AADFE3B00771697 /* InfoPlist.strings in Resources */ = {isa = PBXBuildFile; fileRef = 360BC6FF1AADFE3B00771697 /* InfoPlist.strings */; };
		360BC7381AADFE3B00771697 /* pop-Info.plist in Resources */ = {isa = PBXBuildFile; fileRef = 360BC7011AADFE3B00771697 /* pop-Info.plist */; };
		360BC7391AADFE3B00771697 /* POPAnimatableProperty.mm in Sources */ = {isa = PBXBuildFile; fileRef = 360BC7061AADFE3B00771697 /* POPAnimatableProperty.mm */; };
		360BC73A1AADFE3B00771697 /* POPAnimation.mm in Sources */ = {isa = PBXBuildFile; fileRef = 360BC7081AADFE3B00771697 /* POPAnimation.mm */; };
		360BC73B1AADFE3B00771697 /* POPAnimationEvent.mm in Sources */ = {isa = PBXBuildFile; fileRef = 360BC70A1AADFE3B00771697 /* POPAnimationEvent.mm */; };
		360BC73C1AADFE3B00771697 /* POPAnimationExtras.mm in Sources */ = {isa = PBXBuildFile; fileRef = 360BC70D1AADFE3B00771697 /* POPAnimationExtras.mm */; };
		360BC73D1AADFE3B00771697 /* POPAnimationRuntime.mm in Sources */ = {isa = PBXBuildFile; fileRef = 360BC7111AADFE3B00771697 /* POPAnimationRuntime.mm */; };
		360BC73E1AADFE3B00771697 /* POPAnimationTracer.mm in Sources */ = {isa = PBXBuildFile; fileRef = 360BC7131AADFE3B00771697 /* POPAnimationTracer.mm */; };
		360BC73F1AADFE3B00771697 /* POPAnimator.mm in Sources */ = {isa = PBXBuildFile; fileRef = 360BC7161AADFE3B00771697 /* POPAnimator.mm */; };
		360BC7401AADFE3B00771697 /* POPBasicAnimation.mm in Sources */ = {isa = PBXBuildFile; fileRef = 360BC7191AADFE3B00771697 /* POPBasicAnimation.mm */; };
		360BC7411AADFE3B00771697 /* POPCGUtils.mm in Sources */ = {isa = PBXBuildFile; fileRef = 360BC71C1AADFE3B00771697 /* POPCGUtils.mm */; };
		360BC7421AADFE3B00771697 /* POPCustomAnimation.mm in Sources */ = {isa = PBXBuildFile; fileRef = 360BC71E1AADFE3B00771697 /* POPCustomAnimation.mm */; };
		360BC7431AADFE3B00771697 /* POPDecayAnimation.mm in Sources */ = {isa = PBXBuildFile; fileRef = 360BC7201AADFE3B00771697 /* POPDecayAnimation.mm */; };
		360BC7441AADFE3B00771697 /* POPGeometry.mm in Sources */ = {isa = PBXBuildFile; fileRef = 360BC7241AADFE3B00771697 /* POPGeometry.mm */; };
		360BC7451AADFE3B00771697 /* POPLayerExtras.mm in Sources */ = {isa = PBXBuildFile; fileRef = 360BC7261AADFE3B00771697 /* POPLayerExtras.mm */; };
		360BC7461AADFE3B00771697 /* POPMath.mm in Sources */ = {isa = PBXBuildFile; fileRef = 360BC7281AADFE3B00771697 /* POPMath.mm */; };
		360BC7471AADFE3B00771697 /* POPPropertyAnimation.mm in Sources */ = {isa = PBXBuildFile; fileRef = 360BC72A1AADFE3B00771697 /* POPPropertyAnimation.mm */; };
		360BC7481AADFE3B00771697 /* POPSpringAnimation.mm in Sources */ = {isa = PBXBuildFile; fileRef = 360BC72D1AADFE3B00771697 /* POPSpringAnimation.mm */; };
		360BC7491AADFE3B00771697 /* POPVector.mm in Sources */ = {isa = PBXBuildFile; fileRef = 360BC7311AADFE3B00771697 /* POPVector.mm */; };
		360BC74A1AADFE3B00771697 /* TransformationMatrix.cpp in Sources */ = {isa = PBXBuildFile; fileRef = 360BC7341AADFE3B00771697 /* TransformationMatrix.cpp */; };
		360F67E31A87E91800C5B119 /* browseCVC.m in Sources */ = {isa = PBXBuildFile; fileRef = 360F67E21A87E91800C5B119 /* browseCVC.m */; };
		3631C1CB1C2DADE100E65129 /* FCFileManager+addons.m in Sources */ = {isa = PBXBuildFile; fileRef = 3631C1CA1C2DADE100E65129 /* FCFileManager+addons.m */; };
		363C7CE41A3BA99100A28C93 /* main.m in Sources */ = {isa = PBXBuildFile; fileRef = 363C7CE31A3BA99100A28C93 /* main.m */; };
		363C7CE71A3BA99100A28C93 /* AppDelegate.m in Sources */ = {isa = PBXBuildFile; fileRef = 363C7CE61A3BA99100A28C93 /* AppDelegate.m */; };
		363C7CED1A3BA99100A28C93 /* Main.storyboard in Resources */ = {isa = PBXBuildFile; fileRef = 363C7CEB1A3BA99100A28C93 /* Main.storyboard */; };
		363C7CEF1A3BA99100A28C93 /* Images.xcassets in Resources */ = {isa = PBXBuildFile; fileRef = 363C7CEE1A3BA99100A28C93 /* Images.xcassets */; };
		363C7CF21A3BA99100A28C93 /* LaunchScreen.xib in Resources */ = {isa = PBXBuildFile; fileRef = 363C7CF01A3BA99100A28C93 /* LaunchScreen.xib */; };
		363C7CFE1A3BA99100A28C93 /* FawaedTVTests.m in Sources */ = {isa = PBXBuildFile; fileRef = 363C7CFD1A3BA99100A28C93 /* FawaedTVTests.m */; };
		363C7D091A3BA9BD00A28C93 /* serverManager.m in Sources */ = {isa = PBXBuildFile; fileRef = 363C7D081A3BA9BD00A28C93 /* serverManager.m */; };
		363C7D481A3BB2FC00A28C93 /* seriesObject.m in Sources */ = {isa = PBXBuildFile; fileRef = 363C7D471A3BB2FC00A28C93 /* seriesObject.m */; };
		363C7D4C1A3BB39200A28C93 /* episodeObject.m in Sources */ = {isa = PBXBuildFile; fileRef = 363C7D4B1A3BB39200A28C93 /* episodeObject.m */; };
		363C7D4F1A3BB4EE00A28C93 /* lecturerObject.m in Sources */ = {isa = PBXBuildFile; fileRef = 363C7D4E1A3BB4EE00A28C93 /* lecturerObject.m */; };
		363C7D521A3BB64100A28C93 /* categoryObject.m in Sources */ = {isa = PBXBuildFile; fileRef = 363C7D511A3BB64100A28C93 /* categoryObject.m */; };
		363C7D551A3BB68500A28C93 /* yearObject.m in Sources */ = {isa = PBXBuildFile; fileRef = 363C7D541A3BB68500A28C93 /* yearObject.m */; };
		36570A511ACB2F4C0065496D /* categoriesCVC.m in Sources */ = {isa = PBXBuildFile; fileRef = 36570A501ACB2F4C0065496D /* categoriesCVC.m */; };
		36570A541ACB33F40065496D /* lecturersCVC.m in Sources */ = {isa = PBXBuildFile; fileRef = 36570A531ACB33F40065496D /* lecturersCVC.m */; };
		36570A571ACB36FA0065496D /* yearsCVC.m in Sources */ = {isa = PBXBuildFile; fileRef = 36570A561ACB36FA0065496D /* yearsCVC.m */; };
		366C29561B807BF400B3B0B9 /* CoreData.framework in Frameworks */ = {isa = PBXBuildFile; fileRef = 366C29551B807BF400B3B0B9 /* CoreData.framework */; };
		366C29581B807BFD00B3B0B9 /* SystemConfiguration.framework in Frameworks */ = {isa = PBXBuildFile; fileRef = 366C29571B807BFD00B3B0B9 /* SystemConfiguration.framework */; };
		366C295A1B807C0500B3B0B9 /* CoreTelephony.framework in Frameworks */ = {isa = PBXBuildFile; fileRef = 366C29591B807C0500B3B0B9 /* CoreTelephony.framework */; };
		366C295C1B807C0E00B3B0B9 /* CoreMedia.framework in Frameworks */ = {isa = PBXBuildFile; fileRef = 366C295B1B807C0E00B3B0B9 /* CoreMedia.framework */; };
		366C295E1B807C1700B3B0B9 /* CoreVideo.framework in Frameworks */ = {isa = PBXBuildFile; fileRef = 366C295D1B807C1700B3B0B9 /* CoreVideo.framework */; };
		366C29601B807C2000B3B0B9 /* AVFoundation.framework in Frameworks */ = {isa = PBXBuildFile; fileRef = 366C295F1B807C2000B3B0B9 /* AVFoundation.framework */; };
		366C29621B807C2900B3B0B9 /* CoreLocation.framework in Frameworks */ = {isa = PBXBuildFile; fileRef = 366C29611B807C2900B3B0B9 /* CoreLocation.framework */; };
		366C29641B807C3100B3B0B9 /* CoreGraphics.framework in Frameworks */ = {isa = PBXBuildFile; fileRef = 366C29631B807C3100B3B0B9 /* CoreGraphics.framework */; };
		366C29661B807C3900B3B0B9 /* MobileCoreServices.framework in Frameworks */ = {isa = PBXBuildFile; fileRef = 366C29651B807C3900B3B0B9 /* MobileCoreServices.framework */; };
		366C29681B807C4200B3B0B9 /* CFNetwork.framework in Frameworks */ = {isa = PBXBuildFile; fileRef = 366C29671B807C4200B3B0B9 /* CFNetwork.framework */; };
		366C296A1B807C4A00B3B0B9 /* libz.dylib in Frameworks */ = {isa = PBXBuildFile; fileRef = 366C29691B807C4A00B3B0B9 /* libz.dylib */; };
		3683D7A11A89F94B003A8A73 /* AFAudioRouter.m in Sources */ = {isa = PBXBuildFile; fileRef = 3683D79E1A89F94B003A8A73 /* AFAudioRouter.m */; };
		3683D7A21A89F94B003A8A73 /* AFSoundManager.m in Sources */ = {isa = PBXBuildFile; fileRef = 3683D7A01A89F94B003A8A73 /* AFSoundManager.m */; };
		3683D7A71A8A0528003A8A73 /* PBYouTubeVideoView.html in Resources */ = {isa = PBXBuildFile; fileRef = 3683D7A41A8A0528003A8A73 /* PBYouTubeVideoView.html */; };
		3683D7A81A8A0528003A8A73 /* PBYouTubeVideoViewController.m in Sources */ = {isa = PBXBuildFile; fileRef = 3683D7A61A8A0528003A8A73 /* PBYouTubeVideoViewController.m */; };
		3683D7AB1A8A155A003A8A73 /* appTBVC.m in Sources */ = {isa = PBXBuildFile; fileRef = 3683D7AA1A8A155A003A8A73 /* appTBVC.m */; };
		368418071A892275007DF93D /* episodesCVC.m in Sources */ = {isa = PBXBuildFile; fileRef = 368418061A892275007DF93D /* episodesCVC.m */; };
		3684180A1A893CA1007DF93D /* episodeTVC.m in Sources */ = {isa = PBXBuildFile; fileRef = 368418091A893CA1007DF93D /* episodeTVC.m */; };
		368C98EA1ADAD9900098FCAD /* appObject.m in Sources */ = {isa = PBXBuildFile; fileRef = 368C98E91ADAD9900098FCAD /* appObject.m */; };
		368C98F51ADB01B40098FCAD /* Localizable.strings in Resources */ = {isa = PBXBuildFile; fileRef = 368C98F11ADB01B40098FCAD /* Localizable.strings */; };
		368C98F61ADB01B40098FCAD /* Main.strings in Resources */ = {isa = PBXBuildFile; fileRef = 368C98F31ADB01B40098FCAD /* Main.strings */; };
		368F84431AB23038004D963E /* FBKVOController.m in Sources */ = {isa = PBXBuildFile; fileRef = 368F84401AB23038004D963E /* FBKVOController.m */; };
		368F84441AB23038004D963E /* NSObject+FBKVOController.m in Sources */ = {isa = PBXBuildFile; fileRef = 368F84421AB23038004D963E /* NSObject+FBKVOController.m */; };
		36977C591AAF81430050C0FC /* downloadsTVC.m in Sources */ = {isa = PBXBuildFile; fileRef = 36977C581AAF81430050C0FC /* downloadsTVC.m */; };
		36977C5C1AAF82F10050C0FC /* downloadsTVCCell.m in Sources */ = {isa = PBXBuildFile; fileRef = 36977C5B1AAF82F10050C0FC /* downloadsTVCCell.m */; };
		369A62161AB3A9E900020E22 /* ddProgressBtn.m in Sources */ = {isa = PBXBuildFile; fileRef = 369A62151AB3A9E900020E22 /* ddProgressBtn.m */; };
		36A05AAB1A8C03A900EEE01F /* audioPlayerVC.m in Sources */ = {isa = PBXBuildFile; fileRef = 36A05AAA1A8C03A900EEE01F /* audioPlayerVC.m */; };
		36A19B8F1AADCC3200B823F0 /* VBFDoubleSegment.m in Sources */ = {isa = PBXBuildFile; fileRef = 36A19B781AADCC3200B823F0 /* VBFDoubleSegment.m */; };
		36A19B901AADCC3200B823F0 /* VBFPopFlatButton.m in Sources */ = {isa = PBXBuildFile; fileRef = 36A19B7A1AADCC3200B823F0 /* VBFPopFlatButton.m */; };
		36A5B25E1AC9405A009E51B7 /* episodsManager.m in Sources */ = {isa = PBXBuildFile; fileRef = 36A5B25D1AC9405A009E51B7 /* episodsManager.m */; };
		36A5B2611AC949AD009E51B7 /* fileObject.m in Sources */ = {isa = PBXBuildFile; fileRef = 36A5B2601AC949AD009E51B7 /* fileObject.m */; };
		36B3D4271A9CF42F00B6A14A /* downloadManager.m in Sources */ = {isa = PBXBuildFile; fileRef = 36B3D4261A9CF42F00B6A14A /* downloadManager.m */; };
		36C2895A1A865B82005357EC /* browseNavC.m in Sources */ = {isa = PBXBuildFile; fileRef = 36C289591A865B82005357EC /* browseNavC.m */; };
		36C2895C1A865F4F005357EC /* viBrowseTopMenu.xib in Resources */ = {isa = PBXBuildFile; fileRef = 36C2895B1A865F4F005357EC /* viBrowseTopMenu.xib */; };
		36C289691A8691E8005357EC /* browseMenuTVC.m in Sources */ = {isa = PBXBuildFile; fileRef = 36C289681A8691E8005357EC /* browseMenuTVC.m */; };
		36C2896F1A86A64D005357EC /* generalCVCCell.m in Sources */ = {isa = PBXBuildFile; fileRef = 36C2896E1A86A64D005357EC /* generalCVCCell.m */; };
		36C289721A86AE2A005357EC /* UIImageView+activity.m in Sources */ = {isa = PBXBuildFile; fileRef = 36C289711A86AE2A005357EC /* UIImageView+activity.m */; };
		36C90BCE1A8CF8EE00C13494 /* viNavigiationBarContent.m in Sources */ = {isa = PBXBuildFile; fileRef = 36C90BCD1A8CF8EE00C13494 /* viNavigiationBarContent.m */; };
		36D839271AD81BE300CA9446 /* UIImage+BlurredFrame.m in Sources */ = {isa = PBXBuildFile; fileRef = 36D839241AD81BE300CA9446 /* UIImage+BlurredFrame.m */; };
		36D839281AD81BE300CA9446 /* UIImage+ImageEffects.m in Sources */ = {isa = PBXBuildFile; fileRef = 36D839261AD81BE300CA9446 /* UIImage+ImageEffects.m */; };
		36DEDD611A989D490039A854 /* browseMenuTVCCell.m in Sources */ = {isa = PBXBuildFile; fileRef = 36DEDD601A989D490039A854 /* browseMenuTVCCell.m */; };
		36E820E01A8F586000B14B3F /* bookmarkObj.m in Sources */ = {isa = PBXBuildFile; fileRef = 36E820DF1A8F586000B14B3F /* bookmarkObj.m */; };
		36E820F51A8F60DB00B14B3F /* databaseManager.m in Sources */ = {isa = PBXBuildFile; fileRef = 36E820F41A8F60DB00B14B3F /* databaseManager.m */; };
		36E820F71A8F70FB00B14B3F /* libsqlite3.dylib in Frameworks */ = {isa = PBXBuildFile; fileRef = 36E820F61A8F70FB00B14B3F /* libsqlite3.dylib */; };
		BC2775AB034B3F83D4FC7060 /* libPods-FawaedTV.a in Frameworks */ = {isa = PBXBuildFile; fileRef = 46D79E325EFD23097976AF5B /* libPods-FawaedTV.a */; };
/* End PBXBuildFile section */

/* Begin PBXContainerItemProxy section */
		363C7CF81A3BA99100A28C93 /* PBXContainerItemProxy */ = {
			isa = PBXContainerItemProxy;
			containerPortal = 363C7CD61A3BA99100A28C93 /* Project object */;
			proxyType = 1;
			remoteGlobalIDString = 363C7CDD1A3BA99100A28C93;
			remoteInfo = FawaedTV;
		};
/* End PBXContainerItemProxy section */

/* Begin PBXFileReference section */
		0DE997E4030DDB12DBB0A969 /* Pods-FawaedTV.distribution.xcconfig */ = {isa = PBXFileReference; includeInIndex = 1; lastKnownFileType = text.xcconfig; name = "Pods-FawaedTV.distribution.xcconfig"; path = "Pods/Target Support Files/Pods-FawaedTV/Pods-FawaedTV.distribution.xcconfig"; sourceTree = "<group>"; };
		360B768F1A911A1200832CA9 /* myLibraryCVC.h */ = {isa = PBXFileReference; fileEncoding = 4; lastKnownFileType = sourcecode.c.h; path = myLibraryCVC.h; sourceTree = "<group>"; };
		360B76901A911A1200832CA9 /* myLibraryCVC.m */ = {isa = PBXFileReference; fileEncoding = 4; lastKnownFileType = sourcecode.c.objc; path = myLibraryCVC.m; sourceTree = "<group>"; };
		360BC7001AADFE3B00771697 /* en */ = {isa = PBXFileReference; lastKnownFileType = text.plist.strings; name = en; path = en.lproj/InfoPlist.strings; sourceTree = "<group>"; };
		360BC7011AADFE3B00771697 /* pop-Info.plist */ = {isa = PBXFileReference; fileEncoding = 4; lastKnownFileType = text.plist.xml; path = "pop-Info.plist"; sourceTree = "<group>"; };
		360BC7021AADFE3B00771697 /* pop-Prefix.pch */ = {isa = PBXFileReference; fileEncoding = 4; lastKnownFileType = sourcecode.c.h; path = "pop-Prefix.pch"; sourceTree = "<group>"; };
		360BC7031AADFE3B00771697 /* POP.h */ = {isa = PBXFileReference; fileEncoding = 4; lastKnownFileType = sourcecode.c.h; path = POP.h; sourceTree = "<group>"; };
		360BC7041AADFE3B00771697 /* POPAction.h */ = {isa = PBXFileReference; fileEncoding = 4; lastKnownFileType = sourcecode.c.h; path = POPAction.h; sourceTree = "<group>"; };
		360BC7051AADFE3B00771697 /* POPAnimatableProperty.h */ = {isa = PBXFileReference; fileEncoding = 4; lastKnownFileType = sourcecode.c.h; path = POPAnimatableProperty.h; sourceTree = "<group>"; };
		360BC7061AADFE3B00771697 /* POPAnimatableProperty.mm */ = {isa = PBXFileReference; fileEncoding = 4; lastKnownFileType = sourcecode.cpp.objcpp; path = POPAnimatableProperty.mm; sourceTree = "<group>"; };
		360BC7071AADFE3B00771697 /* POPAnimation.h */ = {isa = PBXFileReference; fileEncoding = 4; lastKnownFileType = sourcecode.c.h; path = POPAnimation.h; sourceTree = "<group>"; };
		360BC7081AADFE3B00771697 /* POPAnimation.mm */ = {isa = PBXFileReference; fileEncoding = 4; lastKnownFileType = sourcecode.cpp.objcpp; path = POPAnimation.mm; sourceTree = "<group>"; };
		360BC7091AADFE3B00771697 /* POPAnimationEvent.h */ = {isa = PBXFileReference; fileEncoding = 4; lastKnownFileType = sourcecode.c.h; path = POPAnimationEvent.h; sourceTree = "<group>"; };
		360BC70A1AADFE3B00771697 /* POPAnimationEvent.mm */ = {isa = PBXFileReference; fileEncoding = 4; lastKnownFileType = sourcecode.cpp.objcpp; path = POPAnimationEvent.mm; sourceTree = "<group>"; };
		360BC70B1AADFE3B00771697 /* POPAnimationEventInternal.h */ = {isa = PBXFileReference; fileEncoding = 4; lastKnownFileType = sourcecode.c.h; path = POPAnimationEventInternal.h; sourceTree = "<group>"; };
		360BC70C1AADFE3B00771697 /* POPAnimationExtras.h */ = {isa = PBXFileReference; fileEncoding = 4; lastKnownFileType = sourcecode.c.h; path = POPAnimationExtras.h; sourceTree = "<group>"; };
		360BC70D1AADFE3B00771697 /* POPAnimationExtras.mm */ = {isa = PBXFileReference; fileEncoding = 4; lastKnownFileType = sourcecode.cpp.objcpp; path = POPAnimationExtras.mm; sourceTree = "<group>"; };
		360BC70E1AADFE3B00771697 /* POPAnimationInternal.h */ = {isa = PBXFileReference; fileEncoding = 4; lastKnownFileType = sourcecode.c.h; path = POPAnimationInternal.h; sourceTree = "<group>"; };
		360BC70F1AADFE3B00771697 /* POPAnimationPrivate.h */ = {isa = PBXFileReference; fileEncoding = 4; lastKnownFileType = sourcecode.c.h; path = POPAnimationPrivate.h; sourceTree = "<group>"; };
		360BC7101AADFE3B00771697 /* POPAnimationRuntime.h */ = {isa = PBXFileReference; fileEncoding = 4; lastKnownFileType = sourcecode.c.h; path = POPAnimationRuntime.h; sourceTree = "<group>"; };
		360BC7111AADFE3B00771697 /* POPAnimationRuntime.mm */ = {isa = PBXFileReference; fileEncoding = 4; lastKnownFileType = sourcecode.cpp.objcpp; path = POPAnimationRuntime.mm; sourceTree = "<group>"; };
		360BC7121AADFE3B00771697 /* POPAnimationTracer.h */ = {isa = PBXFileReference; fileEncoding = 4; lastKnownFileType = sourcecode.c.h; path = POPAnimationTracer.h; sourceTree = "<group>"; };
		360BC7131AADFE3B00771697 /* POPAnimationTracer.mm */ = {isa = PBXFileReference; fileEncoding = 4; lastKnownFileType = sourcecode.cpp.objcpp; path = POPAnimationTracer.mm; sourceTree = "<group>"; };
		360BC7141AADFE3B00771697 /* POPAnimationTracerInternal.h */ = {isa = PBXFileReference; fileEncoding = 4; lastKnownFileType = sourcecode.c.h; path = POPAnimationTracerInternal.h; sourceTree = "<group>"; };
		360BC7151AADFE3B00771697 /* POPAnimator.h */ = {isa = PBXFileReference; fileEncoding = 4; lastKnownFileType = sourcecode.c.h; path = POPAnimator.h; sourceTree = "<group>"; };
		360BC7161AADFE3B00771697 /* POPAnimator.mm */ = {isa = PBXFileReference; fileEncoding = 4; lastKnownFileType = sourcecode.cpp.objcpp; path = POPAnimator.mm; sourceTree = "<group>"; };
		360BC7171AADFE3B00771697 /* POPAnimatorPrivate.h */ = {isa = PBXFileReference; fileEncoding = 4; lastKnownFileType = sourcecode.c.h; path = POPAnimatorPrivate.h; sourceTree = "<group>"; };
		360BC7181AADFE3B00771697 /* POPBasicAnimation.h */ = {isa = PBXFileReference; fileEncoding = 4; lastKnownFileType = sourcecode.c.h; path = POPBasicAnimation.h; sourceTree = "<group>"; };
		360BC7191AADFE3B00771697 /* POPBasicAnimation.mm */ = {isa = PBXFileReference; fileEncoding = 4; lastKnownFileType = sourcecode.cpp.objcpp; path = POPBasicAnimation.mm; sourceTree = "<group>"; };
		360BC71A1AADFE3B00771697 /* POPBasicAnimationInternal.h */ = {isa = PBXFileReference; fileEncoding = 4; lastKnownFileType = sourcecode.c.h; path = POPBasicAnimationInternal.h; sourceTree = "<group>"; };
		360BC71B1AADFE3B00771697 /* POPCGUtils.h */ = {isa = PBXFileReference; fileEncoding = 4; lastKnownFileType = sourcecode.c.h; path = POPCGUtils.h; sourceTree = "<group>"; };
		360BC71C1AADFE3B00771697 /* POPCGUtils.mm */ = {isa = PBXFileReference; fileEncoding = 4; lastKnownFileType = sourcecode.cpp.objcpp; path = POPCGUtils.mm; sourceTree = "<group>"; };
		360BC71D1AADFE3B00771697 /* POPCustomAnimation.h */ = {isa = PBXFileReference; fileEncoding = 4; lastKnownFileType = sourcecode.c.h; path = POPCustomAnimation.h; sourceTree = "<group>"; };
		360BC71E1AADFE3B00771697 /* POPCustomAnimation.mm */ = {isa = PBXFileReference; fileEncoding = 4; lastKnownFileType = sourcecode.cpp.objcpp; path = POPCustomAnimation.mm; sourceTree = "<group>"; };
		360BC71F1AADFE3B00771697 /* POPDecayAnimation.h */ = {isa = PBXFileReference; fileEncoding = 4; lastKnownFileType = sourcecode.c.h; path = POPDecayAnimation.h; sourceTree = "<group>"; };
		360BC7201AADFE3B00771697 /* POPDecayAnimation.mm */ = {isa = PBXFileReference; fileEncoding = 4; lastKnownFileType = sourcecode.cpp.objcpp; path = POPDecayAnimation.mm; sourceTree = "<group>"; };
		360BC7211AADFE3B00771697 /* POPDecayAnimationInternal.h */ = {isa = PBXFileReference; fileEncoding = 4; lastKnownFileType = sourcecode.c.h; path = POPDecayAnimationInternal.h; sourceTree = "<group>"; };
		360BC7221AADFE3B00771697 /* POPDefines.h */ = {isa = PBXFileReference; fileEncoding = 4; lastKnownFileType = sourcecode.c.h; path = POPDefines.h; sourceTree = "<group>"; };
		360BC7231AADFE3B00771697 /* POPGeometry.h */ = {isa = PBXFileReference; fileEncoding = 4; lastKnownFileType = sourcecode.c.h; path = POPGeometry.h; sourceTree = "<group>"; };
		360BC7241AADFE3B00771697 /* POPGeometry.mm */ = {isa = PBXFileReference; fileEncoding = 4; lastKnownFileType = sourcecode.cpp.objcpp; path = POPGeometry.mm; sourceTree = "<group>"; };
		360BC7251AADFE3B00771697 /* POPLayerExtras.h */ = {isa = PBXFileReference; fileEncoding = 4; lastKnownFileType = sourcecode.c.h; path = POPLayerExtras.h; sourceTree = "<group>"; };
		360BC7261AADFE3B00771697 /* POPLayerExtras.mm */ = {isa = PBXFileReference; fileEncoding = 4; lastKnownFileType = sourcecode.cpp.objcpp; path = POPLayerExtras.mm; sourceTree = "<group>"; };
		360BC7271AADFE3B00771697 /* POPMath.h */ = {isa = PBXFileReference; fileEncoding = 4; lastKnownFileType = sourcecode.c.h; path = POPMath.h; sourceTree = "<group>"; };
		360BC7281AADFE3B00771697 /* POPMath.mm */ = {isa = PBXFileReference; fileEncoding = 4; lastKnownFileType = sourcecode.cpp.objcpp; path = POPMath.mm; sourceTree = "<group>"; };
		360BC7291AADFE3B00771697 /* POPPropertyAnimation.h */ = {isa = PBXFileReference; fileEncoding = 4; lastKnownFileType = sourcecode.c.h; path = POPPropertyAnimation.h; sourceTree = "<group>"; };
		360BC72A1AADFE3B00771697 /* POPPropertyAnimation.mm */ = {isa = PBXFileReference; fileEncoding = 4; lastKnownFileType = sourcecode.cpp.objcpp; path = POPPropertyAnimation.mm; sourceTree = "<group>"; };
		360BC72B1AADFE3B00771697 /* POPPropertyAnimationInternal.h */ = {isa = PBXFileReference; fileEncoding = 4; lastKnownFileType = sourcecode.c.h; path = POPPropertyAnimationInternal.h; sourceTree = "<group>"; };
		360BC72C1AADFE3B00771697 /* POPSpringAnimation.h */ = {isa = PBXFileReference; fileEncoding = 4; lastKnownFileType = sourcecode.c.h; path = POPSpringAnimation.h; sourceTree = "<group>"; };
		360BC72D1AADFE3B00771697 /* POPSpringAnimation.mm */ = {isa = PBXFileReference; fileEncoding = 4; lastKnownFileType = sourcecode.cpp.objcpp; path = POPSpringAnimation.mm; sourceTree = "<group>"; };
		360BC72E1AADFE3B00771697 /* POPSpringAnimationInternal.h */ = {isa = PBXFileReference; fileEncoding = 4; lastKnownFileType = sourcecode.c.h; path = POPSpringAnimationInternal.h; sourceTree = "<group>"; };
		360BC72F1AADFE3B00771697 /* POPSpringSolver.h */ = {isa = PBXFileReference; fileEncoding = 4; lastKnownFileType = sourcecode.c.h; path = POPSpringSolver.h; sourceTree = "<group>"; };
		360BC7301AADFE3B00771697 /* POPVector.h */ = {isa = PBXFileReference; fileEncoding = 4; lastKnownFileType = sourcecode.c.h; path = POPVector.h; sourceTree = "<group>"; };
		360BC7311AADFE3B00771697 /* POPVector.mm */ = {isa = PBXFileReference; fileEncoding = 4; lastKnownFileType = sourcecode.cpp.objcpp; path = POPVector.mm; sourceTree = "<group>"; };
		360BC7331AADFE3B00771697 /* FloatConversion.h */ = {isa = PBXFileReference; fileEncoding = 4; lastKnownFileType = sourcecode.c.h; path = FloatConversion.h; sourceTree = "<group>"; };
		360BC7341AADFE3B00771697 /* TransformationMatrix.cpp */ = {isa = PBXFileReference; fileEncoding = 4; lastKnownFileType = sourcecode.cpp.cpp; path = TransformationMatrix.cpp; sourceTree = "<group>"; };
		360BC7351AADFE3B00771697 /* TransformationMatrix.h */ = {isa = PBXFileReference; fileEncoding = 4; lastKnownFileType = sourcecode.c.h; path = TransformationMatrix.h; sourceTree = "<group>"; };
		360BC7361AADFE3B00771697 /* UnitBezier.h */ = {isa = PBXFileReference; fileEncoding = 4; lastKnownFileType = sourcecode.c.h; path = UnitBezier.h; sourceTree = "<group>"; };
		360F67E11A87E91800C5B119 /* browseCVC.h */ = {isa = PBXFileReference; fileEncoding = 4; lastKnownFileType = sourcecode.c.h; path = browseCVC.h; sourceTree = "<group>"; };
		360F67E21A87E91800C5B119 /* browseCVC.m */ = {isa = PBXFileReference; fileEncoding = 4; lastKnownFileType = sourcecode.c.objc; path = browseCVC.m; sourceTree = "<group>"; };
		3631C1C91C2DADE100E65129 /* FCFileManager+addons.h */ = {isa = PBXFileReference; fileEncoding = 4; lastKnownFileType = sourcecode.c.h; path = "FCFileManager+addons.h"; sourceTree = "<group>"; };
		3631C1CA1C2DADE100E65129 /* FCFileManager+addons.m */ = {isa = PBXFileReference; fileEncoding = 4; lastKnownFileType = sourcecode.c.objc; path = "FCFileManager+addons.m"; sourceTree = "<group>"; };
		363C7CDE1A3BA99100A28C93 /* FawaedTV.app */ = {isa = PBXFileReference; explicitFileType = wrapper.application; includeInIndex = 0; path = FawaedTV.app; sourceTree = BUILT_PRODUCTS_DIR; };
		363C7CE21A3BA99100A28C93 /* Info.plist */ = {isa = PBXFileReference; lastKnownFileType = text.plist.xml; path = Info.plist; sourceTree = "<group>"; };
		363C7CE31A3BA99100A28C93 /* main.m */ = {isa = PBXFileReference; lastKnownFileType = sourcecode.c.objc; path = main.m; sourceTree = "<group>"; };
		363C7CE51A3BA99100A28C93 /* AppDelegate.h */ = {isa = PBXFileReference; lastKnownFileType = sourcecode.c.h; path = AppDelegate.h; sourceTree = "<group>"; };
		363C7CE61A3BA99100A28C93 /* AppDelegate.m */ = {isa = PBXFileReference; lastKnownFileType = sourcecode.c.objc; path = AppDelegate.m; sourceTree = "<group>"; };
		363C7CEC1A3BA99100A28C93 /* Base */ = {isa = PBXFileReference; lastKnownFileType = file.storyboard; name = Base; path = Base.lproj/Main.storyboard; sourceTree = "<group>"; };
		363C7CEE1A3BA99100A28C93 /* Images.xcassets */ = {isa = PBXFileReference; lastKnownFileType = folder.assetcatalog; path = Images.xcassets; sourceTree = "<group>"; };
		363C7CF11A3BA99100A28C93 /* Base */ = {isa = PBXFileReference; lastKnownFileType = file.xib; name = Base; path = Base.lproj/LaunchScreen.xib; sourceTree = "<group>"; };
		363C7CF71A3BA99100A28C93 /* FawaedTVTests.xctest */ = {isa = PBXFileReference; explicitFileType = wrapper.cfbundle; includeInIndex = 0; path = FawaedTVTests.xctest; sourceTree = BUILT_PRODUCTS_DIR; };
		363C7CFC1A3BA99100A28C93 /* Info.plist */ = {isa = PBXFileReference; lastKnownFileType = text.plist.xml; path = Info.plist; sourceTree = "<group>"; };
		363C7CFD1A3BA99100A28C93 /* FawaedTVTests.m */ = {isa = PBXFileReference; lastKnownFileType = sourcecode.c.objc; path = FawaedTVTests.m; sourceTree = "<group>"; };
		363C7D071A3BA9BD00A28C93 /* serverManager.h */ = {isa = PBXFileReference; fileEncoding = 4; lastKnownFileType = sourcecode.c.h; path = serverManager.h; sourceTree = "<group>"; };
		363C7D081A3BA9BD00A28C93 /* serverManager.m */ = {isa = PBXFileReference; fileEncoding = 4; lastKnownFileType = sourcecode.c.objc; path = serverManager.m; sourceTree = "<group>"; };
		363C7D451A3BAD6C00A28C93 /* globalVars.h */ = {isa = PBXFileReference; lastKnownFileType = sourcecode.c.h; path = globalVars.h; sourceTree = "<group>"; };
		363C7D461A3BB2FC00A28C93 /* seriesObject.h */ = {isa = PBXFileReference; fileEncoding = 4; lastKnownFileType = sourcecode.c.h; path = seriesObject.h; sourceTree = "<group>"; };
		363C7D471A3BB2FC00A28C93 /* seriesObject.m */ = {isa = PBXFileReference; fileEncoding = 4; lastKnownFileType = sourcecode.c.objc; path = seriesObject.m; sourceTree = "<group>"; };
		363C7D4A1A3BB39200A28C93 /* episodeObject.h */ = {isa = PBXFileReference; fileEncoding = 4; lastKnownFileType = sourcecode.c.h; path = episodeObject.h; sourceTree = "<group>"; };
		363C7D4B1A3BB39200A28C93 /* episodeObject.m */ = {isa = PBXFileReference; fileEncoding = 4; lastKnownFileType = sourcecode.c.objc; path = episodeObject.m; sourceTree = "<group>"; };
		363C7D4D1A3BB4EE00A28C93 /* lecturerObject.h */ = {isa = PBXFileReference; fileEncoding = 4; lastKnownFileType = sourcecode.c.h; path = lecturerObject.h; sourceTree = "<group>"; };
		363C7D4E1A3BB4EE00A28C93 /* lecturerObject.m */ = {isa = PBXFileReference; fileEncoding = 4; lastKnownFileType = sourcecode.c.objc; path = lecturerObject.m; sourceTree = "<group>"; };
		363C7D501A3BB64100A28C93 /* categoryObject.h */ = {isa = PBXFileReference; fileEncoding = 4; lastKnownFileType = sourcecode.c.h; path = categoryObject.h; sourceTree = "<group>"; };
		363C7D511A3BB64100A28C93 /* categoryObject.m */ = {isa = PBXFileReference; fileEncoding = 4; lastKnownFileType = sourcecode.c.objc; path = categoryObject.m; sourceTree = "<group>"; };
		363C7D531A3BB68500A28C93 /* yearObject.h */ = {isa = PBXFileReference; fileEncoding = 4; lastKnownFileType = sourcecode.c.h; path = yearObject.h; sourceTree = "<group>"; };
		363C7D541A3BB68500A28C93 /* yearObject.m */ = {isa = PBXFileReference; fileEncoding = 4; lastKnownFileType = sourcecode.c.objc; path = yearObject.m; sourceTree = "<group>"; };
		36570A4F1ACB2F4C0065496D /* categoriesCVC.h */ = {isa = PBXFileReference; fileEncoding = 4; lastKnownFileType = sourcecode.c.h; path = categoriesCVC.h; sourceTree = "<group>"; };
		36570A501ACB2F4C0065496D /* categoriesCVC.m */ = {isa = PBXFileReference; fileEncoding = 4; lastKnownFileType = sourcecode.c.objc; path = categoriesCVC.m; sourceTree = "<group>"; };
		36570A521ACB33F40065496D /* lecturersCVC.h */ = {isa = PBXFileReference; fileEncoding = 4; lastKnownFileType = sourcecode.c.h; path = lecturersCVC.h; sourceTree = "<group>"; };
		36570A531ACB33F40065496D /* lecturersCVC.m */ = {isa = PBXFileReference; fileEncoding = 4; lastKnownFileType = sourcecode.c.objc; path = lecturersCVC.m; sourceTree = "<group>"; };
		36570A551ACB36FA0065496D /* yearsCVC.h */ = {isa = PBXFileReference; fileEncoding = 4; lastKnownFileType = sourcecode.c.h; path = yearsCVC.h; sourceTree = "<group>"; };
		36570A561ACB36FA0065496D /* yearsCVC.m */ = {isa = PBXFileReference; fileEncoding = 4; lastKnownFileType = sourcecode.c.objc; path = yearsCVC.m; sourceTree = "<group>"; };
		366C29551B807BF400B3B0B9 /* CoreData.framework */ = {isa = PBXFileReference; lastKnownFileType = wrapper.framework; name = CoreData.framework; path = System/Library/Frameworks/CoreData.framework; sourceTree = SDKROOT; };
		366C29571B807BFD00B3B0B9 /* SystemConfiguration.framework */ = {isa = PBXFileReference; lastKnownFileType = wrapper.framework; name = SystemConfiguration.framework; path = System/Library/Frameworks/SystemConfiguration.framework; sourceTree = SDKROOT; };
		366C29591B807C0500B3B0B9 /* CoreTelephony.framework */ = {isa = PBXFileReference; lastKnownFileType = wrapper.framework; name = CoreTelephony.framework; path = System/Library/Frameworks/CoreTelephony.framework; sourceTree = SDKROOT; };
		366C295B1B807C0E00B3B0B9 /* CoreMedia.framework */ = {isa = PBXFileReference; lastKnownFileType = wrapper.framework; name = CoreMedia.framework; path = System/Library/Frameworks/CoreMedia.framework; sourceTree = SDKROOT; };
		366C295D1B807C1700B3B0B9 /* CoreVideo.framework */ = {isa = PBXFileReference; lastKnownFileType = wrapper.framework; name = CoreVideo.framework; path = System/Library/Frameworks/CoreVideo.framework; sourceTree = SDKROOT; };
		366C295F1B807C2000B3B0B9 /* AVFoundation.framework */ = {isa = PBXFileReference; lastKnownFileType = wrapper.framework; name = AVFoundation.framework; path = System/Library/Frameworks/AVFoundation.framework; sourceTree = SDKROOT; };
		366C29611B807C2900B3B0B9 /* CoreLocation.framework */ = {isa = PBXFileReference; lastKnownFileType = wrapper.framework; name = CoreLocation.framework; path = System/Library/Frameworks/CoreLocation.framework; sourceTree = SDKROOT; };
		366C29631B807C3100B3B0B9 /* CoreGraphics.framework */ = {isa = PBXFileReference; lastKnownFileType = wrapper.framework; name = CoreGraphics.framework; path = System/Library/Frameworks/CoreGraphics.framework; sourceTree = SDKROOT; };
		366C29651B807C3900B3B0B9 /* MobileCoreServices.framework */ = {isa = PBXFileReference; lastKnownFileType = wrapper.framework; name = MobileCoreServices.framework; path = System/Library/Frameworks/MobileCoreServices.framework; sourceTree = SDKROOT; };
		366C29671B807C4200B3B0B9 /* CFNetwork.framework */ = {isa = PBXFileReference; lastKnownFileType = wrapper.framework; name = CFNetwork.framework; path = System/Library/Frameworks/CFNetwork.framework; sourceTree = SDKROOT; };
		366C29691B807C4A00B3B0B9 /* libz.dylib */ = {isa = PBXFileReference; lastKnownFileType = "compiled.mach-o.dylib"; name = libz.dylib; path = usr/lib/libz.dylib; sourceTree = SDKROOT; };
		3683D79D1A89F94B003A8A73 /* AFAudioRouter.h */ = {isa = PBXFileReference; fileEncoding = 4; lastKnownFileType = sourcecode.c.h; path = AFAudioRouter.h; sourceTree = "<group>"; };
		3683D79E1A89F94B003A8A73 /* AFAudioRouter.m */ = {isa = PBXFileReference; fileEncoding = 4; lastKnownFileType = sourcecode.c.objc; path = AFAudioRouter.m; sourceTree = "<group>"; };
		3683D79F1A89F94B003A8A73 /* AFSoundManager.h */ = {isa = PBXFileReference; fileEncoding = 4; lastKnownFileType = sourcecode.c.h; path = AFSoundManager.h; sourceTree = "<group>"; };
		3683D7A01A89F94B003A8A73 /* AFSoundManager.m */ = {isa = PBXFileReference; fileEncoding = 4; lastKnownFileType = sourcecode.c.objc; path = AFSoundManager.m; sourceTree = "<group>"; };
		3683D7A41A8A0528003A8A73 /* PBYouTubeVideoView.html */ = {isa = PBXFileReference; fileEncoding = 4; lastKnownFileType = text.html; path = PBYouTubeVideoView.html; sourceTree = "<group>"; };
		3683D7A51A8A0528003A8A73 /* PBYouTubeVideoViewController.h */ = {isa = PBXFileReference; fileEncoding = 4; lastKnownFileType = sourcecode.c.h; path = PBYouTubeVideoViewController.h; sourceTree = "<group>"; };
		3683D7A61A8A0528003A8A73 /* PBYouTubeVideoViewController.m */ = {isa = PBXFileReference; fileEncoding = 4; lastKnownFileType = sourcecode.c.objc; path = PBYouTubeVideoViewController.m; sourceTree = "<group>"; };
		3683D7A91A8A155A003A8A73 /* appTBVC.h */ = {isa = PBXFileReference; fileEncoding = 4; lastKnownFileType = sourcecode.c.h; path = appTBVC.h; sourceTree = "<group>"; };
		3683D7AA1A8A155A003A8A73 /* appTBVC.m */ = {isa = PBXFileReference; fileEncoding = 4; lastKnownFileType = sourcecode.c.objc; path = appTBVC.m; sourceTree = "<group>"; };
		368418051A892275007DF93D /* episodesCVC.h */ = {isa = PBXFileReference; fileEncoding = 4; lastKnownFileType = sourcecode.c.h; path = episodesCVC.h; sourceTree = "<group>"; };
		368418061A892275007DF93D /* episodesCVC.m */ = {isa = PBXFileReference; fileEncoding = 4; lastKnownFileType = sourcecode.c.objc; path = episodesCVC.m; sourceTree = "<group>"; };
		368418081A893CA1007DF93D /* episodeTVC.h */ = {isa = PBXFileReference; fileEncoding = 4; lastKnownFileType = sourcecode.c.h; path = episodeTVC.h; sourceTree = "<group>"; };
		368418091A893CA1007DF93D /* episodeTVC.m */ = {isa = PBXFileReference; fileEncoding = 4; lastKnownFileType = sourcecode.c.objc; path = episodeTVC.m; sourceTree = "<group>"; };
		368C98E81ADAD9900098FCAD /* appObject.h */ = {isa = PBXFileReference; fileEncoding = 4; lastKnownFileType = sourcecode.c.h; path = appObject.h; sourceTree = "<group>"; };
		368C98E91ADAD9900098FCAD /* appObject.m */ = {isa = PBXFileReference; fileEncoding = 4; lastKnownFileType = sourcecode.c.objc; path = appObject.m; sourceTree = "<group>"; };
		368C98EF1ADAFF380098FCAD /* ar */ = {isa = PBXFileReference; lastKnownFileType = text.plist.strings; name = ar; path = ar.lproj/Main.strings; sourceTree = "<group>"; };
		368C98F21ADB01B40098FCAD /* ar */ = {isa = PBXFileReference; lastKnownFileType = text.plist.strings; name = ar; path = Localizable.strings; sourceTree = "<group>"; };
		368C98F41ADB01B40098FCAD /* ar */ = {isa = PBXFileReference; lastKnownFileType = text.plist.strings; name = ar; path = Main.strings; sourceTree = "<group>"; };
		368F843E1AB23038004D963E /* FBKVOController-Prefix.pch */ = {isa = PBXFileReference; fileEncoding = 4; lastKnownFileType = sourcecode.c.h; path = "FBKVOController-Prefix.pch"; sourceTree = "<group>"; };
		368F843F1AB23038004D963E /* FBKVOController.h */ = {isa = PBXFileReference; fileEncoding = 4; lastKnownFileType = sourcecode.c.h; path = FBKVOController.h; sourceTree = "<group>"; };
		368F84401AB23038004D963E /* FBKVOController.m */ = {isa = PBXFileReference; fileEncoding = 4; lastKnownFileType = sourcecode.c.objc; path = FBKVOController.m; sourceTree = "<group>"; };
		368F84411AB23038004D963E /* NSObject+FBKVOController.h */ = {isa = PBXFileReference; fileEncoding = 4; lastKnownFileType = sourcecode.c.h; path = "NSObject+FBKVOController.h"; sourceTree = "<group>"; };
		368F84421AB23038004D963E /* NSObject+FBKVOController.m */ = {isa = PBXFileReference; fileEncoding = 4; lastKnownFileType = sourcecode.c.objc; path = "NSObject+FBKVOController.m"; sourceTree = "<group>"; };
		36977C571AAF81430050C0FC /* downloadsTVC.h */ = {isa = PBXFileReference; fileEncoding = 4; lastKnownFileType = sourcecode.c.h; path = downloadsTVC.h; sourceTree = "<group>"; };
		36977C581AAF81430050C0FC /* downloadsTVC.m */ = {isa = PBXFileReference; fileEncoding = 4; lastKnownFileType = sourcecode.c.objc; path = downloadsTVC.m; sourceTree = "<group>"; };
		36977C5A1AAF82F10050C0FC /* downloadsTVCCell.h */ = {isa = PBXFileReference; fileEncoding = 4; lastKnownFileType = sourcecode.c.h; path = downloadsTVCCell.h; sourceTree = "<group>"; };
		36977C5B1AAF82F10050C0FC /* downloadsTVCCell.m */ = {isa = PBXFileReference; fileEncoding = 4; lastKnownFileType = sourcecode.c.objc; path = downloadsTVCCell.m; sourceTree = "<group>"; };
		369A62141AB3A9E900020E22 /* ddProgressBtn.h */ = {isa = PBXFileReference; fileEncoding = 4; lastKnownFileType = sourcecode.c.h; path = ddProgressBtn.h; sourceTree = "<group>"; };
		369A62151AB3A9E900020E22 /* ddProgressBtn.m */ = {isa = PBXFileReference; fileEncoding = 4; lastKnownFileType = sourcecode.c.objc; path = ddProgressBtn.m; sourceTree = "<group>"; };
		36A05AA91A8C03A900EEE01F /* audioPlayerVC.h */ = {isa = PBXFileReference; fileEncoding = 4; lastKnownFileType = sourcecode.c.h; path = audioPlayerVC.h; sourceTree = "<group>"; };
		36A05AAA1A8C03A900EEE01F /* audioPlayerVC.m */ = {isa = PBXFileReference; fileEncoding = 4; lastKnownFileType = sourcecode.c.objc; path = audioPlayerVC.m; sourceTree = "<group>"; };
		36A19B771AADCC3200B823F0 /* VBFDoubleSegment.h */ = {isa = PBXFileReference; fileEncoding = 4; lastKnownFileType = sourcecode.c.h; path = VBFDoubleSegment.h; sourceTree = "<group>"; };
		36A19B781AADCC3200B823F0 /* VBFDoubleSegment.m */ = {isa = PBXFileReference; fileEncoding = 4; lastKnownFileType = sourcecode.c.objc; path = VBFDoubleSegment.m; sourceTree = "<group>"; };
		36A19B791AADCC3200B823F0 /* VBFPopFlatButton.h */ = {isa = PBXFileReference; fileEncoding = 4; lastKnownFileType = sourcecode.c.h; path = VBFPopFlatButton.h; sourceTree = "<group>"; };
		36A19B7A1AADCC3200B823F0 /* VBFPopFlatButton.m */ = {isa = PBXFileReference; fileEncoding = 4; lastKnownFileType = sourcecode.c.objc; path = VBFPopFlatButton.m; sourceTree = "<group>"; };
		36A5B25C1AC9405A009E51B7 /* episodsManager.h */ = {isa = PBXFileReference; fileEncoding = 4; lastKnownFileType = sourcecode.c.h; path = episodsManager.h; sourceTree = "<group>"; };
		36A5B25D1AC9405A009E51B7 /* episodsManager.m */ = {isa = PBXFileReference; fileEncoding = 4; lastKnownFileType = sourcecode.c.objc; path = episodsManager.m; sourceTree = "<group>"; };
		36A5B25F1AC949AD009E51B7 /* fileObject.h */ = {isa = PBXFileReference; fileEncoding = 4; lastKnownFileType = sourcecode.c.h; path = fileObject.h; sourceTree = "<group>"; };
		36A5B2601AC949AD009E51B7 /* fileObject.m */ = {isa = PBXFileReference; fileEncoding = 4; lastKnownFileType = sourcecode.c.objc; path = fileObject.m; sourceTree = "<group>"; };
		36B3D4251A9CF42F00B6A14A /* downloadManager.h */ = {isa = PBXFileReference; fileEncoding = 4; lastKnownFileType = sourcecode.c.h; path = downloadManager.h; sourceTree = "<group>"; };
		36B3D4261A9CF42F00B6A14A /* downloadManager.m */ = {isa = PBXFileReference; fileEncoding = 4; lastKnownFileType = sourcecode.c.objc; path = downloadManager.m; sourceTree = "<group>"; };
		36C289581A865B82005357EC /* browseNavC.h */ = {isa = PBXFileReference; fileEncoding = 4; lastKnownFileType = sourcecode.c.h; path = browseNavC.h; sourceTree = "<group>"; };
		36C289591A865B82005357EC /* browseNavC.m */ = {isa = PBXFileReference; fileEncoding = 4; lastKnownFileType = sourcecode.c.objc; path = browseNavC.m; sourceTree = "<group>"; };
		36C2895B1A865F4F005357EC /* viBrowseTopMenu.xib */ = {isa = PBXFileReference; fileEncoding = 4; lastKnownFileType = file.xib; path = viBrowseTopMenu.xib; sourceTree = "<group>"; };
		36C289671A8691E8005357EC /* browseMenuTVC.h */ = {isa = PBXFileReference; fileEncoding = 4; lastKnownFileType = sourcecode.c.h; path = browseMenuTVC.h; sourceTree = "<group>"; };
		36C289681A8691E8005357EC /* browseMenuTVC.m */ = {isa = PBXFileReference; fileEncoding = 4; lastKnownFileType = sourcecode.c.objc; path = browseMenuTVC.m; sourceTree = "<group>"; };
		36C2896D1A86A64D005357EC /* generalCVCCell.h */ = {isa = PBXFileReference; fileEncoding = 4; lastKnownFileType = sourcecode.c.h; path = generalCVCCell.h; sourceTree = "<group>"; };
		36C2896E1A86A64D005357EC /* generalCVCCell.m */ = {isa = PBXFileReference; fileEncoding = 4; lastKnownFileType = sourcecode.c.objc; path = generalCVCCell.m; sourceTree = "<group>"; };
		36C289701A86AE2A005357EC /* UIImageView+activity.h */ = {isa = PBXFileReference; fileEncoding = 4; lastKnownFileType = sourcecode.c.h; path = "UIImageView+activity.h"; sourceTree = "<group>"; };
		36C289711A86AE2A005357EC /* UIImageView+activity.m */ = {isa = PBXFileReference; fileEncoding = 4; lastKnownFileType = sourcecode.c.objc; path = "UIImageView+activity.m"; sourceTree = "<group>"; };
		36C90BCC1A8CF8EE00C13494 /* viNavigiationBarContent.h */ = {isa = PBXFileReference; fileEncoding = 4; lastKnownFileType = sourcecode.c.h; path = viNavigiationBarContent.h; sourceTree = "<group>"; };
		36C90BCD1A8CF8EE00C13494 /* viNavigiationBarContent.m */ = {isa = PBXFileReference; fileEncoding = 4; lastKnownFileType = sourcecode.c.objc; path = viNavigiationBarContent.m; sourceTree = "<group>"; };
		36D839231AD81BE300CA9446 /* UIImage+BlurredFrame.h */ = {isa = PBXFileReference; fileEncoding = 4; lastKnownFileType = sourcecode.c.h; path = "UIImage+BlurredFrame.h"; sourceTree = "<group>"; };
		36D839241AD81BE300CA9446 /* UIImage+BlurredFrame.m */ = {isa = PBXFileReference; fileEncoding = 4; lastKnownFileType = sourcecode.c.objc; path = "UIImage+BlurredFrame.m"; sourceTree = "<group>"; };
		36D839251AD81BE300CA9446 /* UIImage+ImageEffects.h */ = {isa = PBXFileReference; fileEncoding = 4; lastKnownFileType = sourcecode.c.h; path = "UIImage+ImageEffects.h"; sourceTree = "<group>"; };
		36D839261AD81BE300CA9446 /* UIImage+ImageEffects.m */ = {isa = PBXFileReference; fileEncoding = 4; lastKnownFileType = sourcecode.c.objc; path = "UIImage+ImageEffects.m"; sourceTree = "<group>"; };
		36DEDD5F1A989D490039A854 /* browseMenuTVCCell.h */ = {isa = PBXFileReference; fileEncoding = 4; lastKnownFileType = sourcecode.c.h; path = browseMenuTVCCell.h; sourceTree = "<group>"; };
		36DEDD601A989D490039A854 /* browseMenuTVCCell.m */ = {isa = PBXFileReference; fileEncoding = 4; lastKnownFileType = sourcecode.c.objc; path = browseMenuTVCCell.m; sourceTree = "<group>"; };
		36E820DE1A8F586000B14B3F /* bookmarkObj.h */ = {isa = PBXFileReference; fileEncoding = 4; lastKnownFileType = sourcecode.c.h; path = bookmarkObj.h; sourceTree = "<group>"; };
		36E820DF1A8F586000B14B3F /* bookmarkObj.m */ = {isa = PBXFileReference; fileEncoding = 4; lastKnownFileType = sourcecode.c.objc; path = bookmarkObj.m; sourceTree = "<group>"; };
		36E820F31A8F60DB00B14B3F /* databaseManager.h */ = {isa = PBXFileReference; fileEncoding = 4; lastKnownFileType = sourcecode.c.h; path = databaseManager.h; sourceTree = "<group>"; };
		36E820F41A8F60DB00B14B3F /* databaseManager.m */ = {isa = PBXFileReference; fileEncoding = 4; lastKnownFileType = sourcecode.c.objc; path = databaseManager.m; sourceTree = "<group>"; };
		36E820F61A8F70FB00B14B3F /* libsqlite3.dylib */ = {isa = PBXFileReference; lastKnownFileType = "compiled.mach-o.dylib"; name = libsqlite3.dylib; path = usr/lib/libsqlite3.dylib; sourceTree = SDKROOT; };
		46D79E325EFD23097976AF5B /* libPods-FawaedTV.a */ = {isa = PBXFileReference; explicitFileType = archive.ar; includeInIndex = 0; path = "libPods-FawaedTV.a"; sourceTree = BUILT_PRODUCTS_DIR; };
		75D81E1E81835BC5AB4058B3 /* Pods-FawaedTV.debug.xcconfig */ = {isa = PBXFileReference; includeInIndex = 1; lastKnownFileType = text.xcconfig; name = "Pods-FawaedTV.debug.xcconfig"; path = "Pods/Target Support Files/Pods-FawaedTV/Pods-FawaedTV.debug.xcconfig"; sourceTree = "<group>"; };
		F1A171DB81EDA6984A5F0BB2 /* Pods-FawaedTV.release.xcconfig */ = {isa = PBXFileReference; includeInIndex = 1; lastKnownFileType = text.xcconfig; name = "Pods-FawaedTV.release.xcconfig"; path = "Pods/Target Support Files/Pods-FawaedTV/Pods-FawaedTV.release.xcconfig"; sourceTree = "<group>"; };
/* End PBXFileReference section */

/* Begin PBXFrameworksBuildPhase section */
		363C7CDB1A3BA99100A28C93 /* Frameworks */ = {
			isa = PBXFrameworksBuildPhase;
			buildActionMask = 2147483647;
			files = (
				366C296A1B807C4A00B3B0B9 /* libz.dylib in Frameworks */,
				366C29681B807C4200B3B0B9 /* CFNetwork.framework in Frameworks */,
				366C29661B807C3900B3B0B9 /* MobileCoreServices.framework in Frameworks */,
				366C29641B807C3100B3B0B9 /* CoreGraphics.framework in Frameworks */,
				366C29621B807C2900B3B0B9 /* CoreLocation.framework in Frameworks */,
				366C29601B807C2000B3B0B9 /* AVFoundation.framework in Frameworks */,
				366C295E1B807C1700B3B0B9 /* CoreVideo.framework in Frameworks */,
				366C295C1B807C0E00B3B0B9 /* CoreMedia.framework in Frameworks */,
				366C295A1B807C0500B3B0B9 /* CoreTelephony.framework in Frameworks */,
				366C29581B807BFD00B3B0B9 /* SystemConfiguration.framework in Frameworks */,
				366C29561B807BF400B3B0B9 /* CoreData.framework in Frameworks */,
				36E820F71A8F70FB00B14B3F /* libsqlite3.dylib in Frameworks */,
				BC2775AB034B3F83D4FC7060 /* libPods-FawaedTV.a in Frameworks */,
			);
			runOnlyForDeploymentPostprocessing = 0;
		};
		363C7CF41A3BA99100A28C93 /* Frameworks */ = {
			isa = PBXFrameworksBuildPhase;
			buildActionMask = 2147483647;
			files = (
			);
			runOnlyForDeploymentPostprocessing = 0;
		};
/* End PBXFrameworksBuildPhase section */

/* Begin PBXGroup section */
		360BC6FE1AADFE3B00771697 /* pop */ = {
			isa = PBXGroup;
			children = (
				360BC6FF1AADFE3B00771697 /* InfoPlist.strings */,
				360BC7011AADFE3B00771697 /* pop-Info.plist */,
				360BC7021AADFE3B00771697 /* pop-Prefix.pch */,
				360BC7031AADFE3B00771697 /* POP.h */,
				360BC7041AADFE3B00771697 /* POPAction.h */,
				360BC7051AADFE3B00771697 /* POPAnimatableProperty.h */,
				360BC7061AADFE3B00771697 /* POPAnimatableProperty.mm */,
				360BC7071AADFE3B00771697 /* POPAnimation.h */,
				360BC7081AADFE3B00771697 /* POPAnimation.mm */,
				360BC7091AADFE3B00771697 /* POPAnimationEvent.h */,
				360BC70A1AADFE3B00771697 /* POPAnimationEvent.mm */,
				360BC70B1AADFE3B00771697 /* POPAnimationEventInternal.h */,
				360BC70C1AADFE3B00771697 /* POPAnimationExtras.h */,
				360BC70D1AADFE3B00771697 /* POPAnimationExtras.mm */,
				360BC70E1AADFE3B00771697 /* POPAnimationInternal.h */,
				360BC70F1AADFE3B00771697 /* POPAnimationPrivate.h */,
				360BC7101AADFE3B00771697 /* POPAnimationRuntime.h */,
				360BC7111AADFE3B00771697 /* POPAnimationRuntime.mm */,
				360BC7121AADFE3B00771697 /* POPAnimationTracer.h */,
				360BC7131AADFE3B00771697 /* POPAnimationTracer.mm */,
				360BC7141AADFE3B00771697 /* POPAnimationTracerInternal.h */,
				360BC7151AADFE3B00771697 /* POPAnimator.h */,
				360BC7161AADFE3B00771697 /* POPAnimator.mm */,
				360BC7171AADFE3B00771697 /* POPAnimatorPrivate.h */,
				360BC7181AADFE3B00771697 /* POPBasicAnimation.h */,
				360BC7191AADFE3B00771697 /* POPBasicAnimation.mm */,
				360BC71A1AADFE3B00771697 /* POPBasicAnimationInternal.h */,
				360BC71B1AADFE3B00771697 /* POPCGUtils.h */,
				360BC71C1AADFE3B00771697 /* POPCGUtils.mm */,
				360BC71D1AADFE3B00771697 /* POPCustomAnimation.h */,
				360BC71E1AADFE3B00771697 /* POPCustomAnimation.mm */,
				360BC71F1AADFE3B00771697 /* POPDecayAnimation.h */,
				360BC7201AADFE3B00771697 /* POPDecayAnimation.mm */,
				360BC7211AADFE3B00771697 /* POPDecayAnimationInternal.h */,
				360BC7221AADFE3B00771697 /* POPDefines.h */,
				360BC7231AADFE3B00771697 /* POPGeometry.h */,
				360BC7241AADFE3B00771697 /* POPGeometry.mm */,
				360BC7251AADFE3B00771697 /* POPLayerExtras.h */,
				360BC7261AADFE3B00771697 /* POPLayerExtras.mm */,
				360BC7271AADFE3B00771697 /* POPMath.h */,
				360BC7281AADFE3B00771697 /* POPMath.mm */,
				360BC7291AADFE3B00771697 /* POPPropertyAnimation.h */,
				360BC72A1AADFE3B00771697 /* POPPropertyAnimation.mm */,
				360BC72B1AADFE3B00771697 /* POPPropertyAnimationInternal.h */,
				360BC72C1AADFE3B00771697 /* POPSpringAnimation.h */,
				360BC72D1AADFE3B00771697 /* POPSpringAnimation.mm */,
				360BC72E1AADFE3B00771697 /* POPSpringAnimationInternal.h */,
				360BC72F1AADFE3B00771697 /* POPSpringSolver.h */,
				360BC7301AADFE3B00771697 /* POPVector.h */,
				360BC7311AADFE3B00771697 /* POPVector.mm */,
				360BC7321AADFE3B00771697 /* WebCore */,
			);
			name = pop;
			path = "#frameworks/pop";
			sourceTree = "<group>";
		};
		360BC7321AADFE3B00771697 /* WebCore */ = {
			isa = PBXGroup;
			children = (
				360BC7331AADFE3B00771697 /* FloatConversion.h */,
				360BC7341AADFE3B00771697 /* TransformationMatrix.cpp */,
				360BC7351AADFE3B00771697 /* TransformationMatrix.h */,
				360BC7361AADFE3B00771697 /* UnitBezier.h */,
			);
			path = WebCore;
			sourceTree = "<group>";
		};
		363C7CD51A3BA99100A28C93 = {
			isa = PBXGroup;
			children = (
				363C7CE01A3BA99100A28C93 /* FawaedTV */,
				363C7CFA1A3BA99100A28C93 /* FawaedTVTests */,
				363C7CDF1A3BA99100A28C93 /* Products */,
				CA637410B663B75E6F237C53 /* Pods */,
				C2574DCB70CBFAAB345147EB /* Frameworks */,
			);
			sourceTree = "<group>";
		};
		363C7CDF1A3BA99100A28C93 /* Products */ = {
			isa = PBXGroup;
			children = (
				363C7CDE1A3BA99100A28C93 /* FawaedTV.app */,
				363C7CF71A3BA99100A28C93 /* FawaedTVTests.xctest */,
			);
			name = Products;
			sourceTree = "<group>";
		};
		363C7CE01A3BA99100A28C93 /* FawaedTV */ = {
			isa = PBXGroup;
			children = (
				363C7D411A3BAC5300A28C93 /* #Frameworks */,
				368C98E81ADAD9900098FCAD /* appObject.h */,
				368C98E91ADAD9900098FCAD /* appObject.m */,
				363C7CE51A3BA99100A28C93 /* AppDelegate.h */,
				363C7CE61A3BA99100A28C93 /* AppDelegate.m */,
				363C7D421A3BAC6100A28C93 /* Controllers */,
				363C7D431A3BAC7B00A28C93 /* Views */,
				363C7D441A3BAC8F00A28C93 /* models */,
				36E820F21A8F60C600B14B3F /* helpers */,
				363C7CE11A3BA99100A28C93 /* Supporting Files */,
			);
			path = FawaedTV;
			sourceTree = "<group>";
		};
		363C7CE11A3BA99100A28C93 /* Supporting Files */ = {
			isa = PBXGroup;
			children = (
				368C98F01ADB01B40098FCAD /* ar.lproj */,
				363C7CEE1A3BA99100A28C93 /* Images.xcassets */,
				363C7CE21A3BA99100A28C93 /* Info.plist */,
				363C7CE31A3BA99100A28C93 /* main.m */,
				363C7D451A3BAD6C00A28C93 /* globalVars.h */,
			);
			name = "Supporting Files";
			sourceTree = "<group>";
		};
		363C7CFA1A3BA99100A28C93 /* FawaedTVTests */ = {
			isa = PBXGroup;
			children = (
				363C7CFD1A3BA99100A28C93 /* FawaedTVTests.m */,
				363C7CFB1A3BA99100A28C93 /* Supporting Files */,
			);
			path = FawaedTVTests;
			sourceTree = "<group>";
		};
		363C7CFB1A3BA99100A28C93 /* Supporting Files */ = {
			isa = PBXGroup;
			children = (
				363C7CFC1A3BA99100A28C93 /* Info.plist */,
			);
			name = "Supporting Files";
			sourceTree = "<group>";
		};
		363C7D411A3BAC5300A28C93 /* #Frameworks */ = {
			isa = PBXGroup;
			children = (
				366C29691B807C4A00B3B0B9 /* libz.dylib */,
				366C29671B807C4200B3B0B9 /* CFNetwork.framework */,
				366C29651B807C3900B3B0B9 /* MobileCoreServices.framework */,
				366C29631B807C3100B3B0B9 /* CoreGraphics.framework */,
				366C29611B807C2900B3B0B9 /* CoreLocation.framework */,
				366C295F1B807C2000B3B0B9 /* AVFoundation.framework */,
				366C295D1B807C1700B3B0B9 /* CoreVideo.framework */,
				366C295B1B807C0E00B3B0B9 /* CoreMedia.framework */,
				366C29591B807C0500B3B0B9 /* CoreTelephony.framework */,
				366C29571B807BFD00B3B0B9 /* SystemConfiguration.framework */,
				366C29551B807BF400B3B0B9 /* CoreData.framework */,
				36E820F61A8F70FB00B14B3F /* libsqlite3.dylib */,
				36D839221AD81BE300CA9446 /* UImage Categories */,
				368F843D1AB23038004D963E /* FBKVOController */,
				360BC6FE1AADFE3B00771697 /* pop */,
				36A19B761AADCC3200B823F0 /* VBFPopFlatButtonClasses */,
				3683D7A31A8A0528003A8A73 /* PBYouTubeVideoViewController */,
				3683D79C1A89F94B003A8A73 /* AFSoundManager */,
			);
			name = "#Frameworks";
			sourceTree = "<group>";
		};
		363C7D421A3BAC6100A28C93 /* Controllers */ = {
			isa = PBXGroup;
			children = (
				3683D7A91A8A155A003A8A73 /* appTBVC.h */,
				3683D7AA1A8A155A003A8A73 /* appTBVC.m */,
				36D8C1131A90BE8E000DE822 /* 1st  */,
				36A05AA91A8C03A900EEE01F /* audioPlayerVC.h */,
				36A05AAA1A8C03A900EEE01F /* audioPlayerVC.m */,
				360B768F1A911A1200832CA9 /* myLibraryCVC.h */,
				360B76901A911A1200832CA9 /* myLibraryCVC.m */,
				36977C571AAF81430050C0FC /* downloadsTVC.h */,
				36977C581AAF81430050C0FC /* downloadsTVC.m */,
			);
			name = Controllers;
			sourceTree = "<group>";
		};
		363C7D431A3BAC7B00A28C93 /* Views */ = {
			isa = PBXGroup;
			children = (
				363C7CEB1A3BA99100A28C93 /* Main.storyboard */,
				363C7CF01A3BA99100A28C93 /* LaunchScreen.xib */,
				36C2895B1A865F4F005357EC /* viBrowseTopMenu.xib */,
				36C2896D1A86A64D005357EC /* generalCVCCell.h */,
				36C2896E1A86A64D005357EC /* generalCVCCell.m */,
				36C90BCC1A8CF8EE00C13494 /* viNavigiationBarContent.h */,
				36C90BCD1A8CF8EE00C13494 /* viNavigiationBarContent.m */,
				36DEDD5F1A989D490039A854 /* browseMenuTVCCell.h */,
				36DEDD601A989D490039A854 /* browseMenuTVCCell.m */,
				36977C5A1AAF82F10050C0FC /* downloadsTVCCell.h */,
				36977C5B1AAF82F10050C0FC /* downloadsTVCCell.m */,
				369A62141AB3A9E900020E22 /* ddProgressBtn.h */,
				369A62151AB3A9E900020E22 /* ddProgressBtn.m */,
			);
			name = Views;
			sourceTree = "<group>";
		};
		363C7D441A3BAC8F00A28C93 /* models */ = {
			isa = PBXGroup;
			children = (
				36E820F31A8F60DB00B14B3F /* databaseManager.h */,
				36E820F41A8F60DB00B14B3F /* databaseManager.m */,
				363C7D071A3BA9BD00A28C93 /* serverManager.h */,
				363C7D081A3BA9BD00A28C93 /* serverManager.m */,
				36B3D4251A9CF42F00B6A14A /* downloadManager.h */,
				36B3D4261A9CF42F00B6A14A /* downloadManager.m */,
				363C7D491A3BB36A00A28C93 /* Objs */,
				36A5B25C1AC9405A009E51B7 /* episodsManager.h */,
				36A5B25D1AC9405A009E51B7 /* episodsManager.m */,
			);
			name = models;
			sourceTree = "<group>";
		};
		363C7D491A3BB36A00A28C93 /* Objs */ = {
			isa = PBXGroup;
			children = (
				363C7D461A3BB2FC00A28C93 /* seriesObject.h */,
				363C7D471A3BB2FC00A28C93 /* seriesObject.m */,
				363C7D4A1A3BB39200A28C93 /* episodeObject.h */,
				363C7D4B1A3BB39200A28C93 /* episodeObject.m */,
				363C7D4D1A3BB4EE00A28C93 /* lecturerObject.h */,
				363C7D4E1A3BB4EE00A28C93 /* lecturerObject.m */,
				363C7D501A3BB64100A28C93 /* categoryObject.h */,
				363C7D511A3BB64100A28C93 /* categoryObject.m */,
				363C7D531A3BB68500A28C93 /* yearObject.h */,
				363C7D541A3BB68500A28C93 /* yearObject.m */,
				36E820DE1A8F586000B14B3F /* bookmarkObj.h */,
				36E820DF1A8F586000B14B3F /* bookmarkObj.m */,
				36A5B25F1AC949AD009E51B7 /* fileObject.h */,
				36A5B2601AC949AD009E51B7 /* fileObject.m */,
			);
			name = Objs;
			sourceTree = "<group>";
		};
		3683D79C1A89F94B003A8A73 /* AFSoundManager */ = {
			isa = PBXGroup;
			children = (
				3683D79D1A89F94B003A8A73 /* AFAudioRouter.h */,
				3683D79E1A89F94B003A8A73 /* AFAudioRouter.m */,
				3683D79F1A89F94B003A8A73 /* AFSoundManager.h */,
				3683D7A01A89F94B003A8A73 /* AFSoundManager.m */,
			);
			name = AFSoundManager;
			path = "#frameworks/AFSoundManager";
			sourceTree = "<group>";
		};
		3683D7A31A8A0528003A8A73 /* PBYouTubeVideoViewController */ = {
			isa = PBXGroup;
			children = (
				3683D7A41A8A0528003A8A73 /* PBYouTubeVideoView.html */,
				3683D7A51A8A0528003A8A73 /* PBYouTubeVideoViewController.h */,
				3683D7A61A8A0528003A8A73 /* PBYouTubeVideoViewController.m */,
			);
			name = PBYouTubeVideoViewController;
			path = "#frameworks/PBYouTubeVideoViewController";
			sourceTree = "<group>";
		};
		368C98F01ADB01B40098FCAD /* ar.lproj */ = {
			isa = PBXGroup;
			children = (
				368C98F11ADB01B40098FCAD /* Localizable.strings */,
				368C98F31ADB01B40098FCAD /* Main.strings */,
			);
			path = ar.lproj;
			sourceTree = "<group>";
		};
		368F843D1AB23038004D963E /* FBKVOController */ = {
			isa = PBXGroup;
			children = (
				368F843E1AB23038004D963E /* FBKVOController-Prefix.pch */,
				368F843F1AB23038004D963E /* FBKVOController.h */,
				368F84401AB23038004D963E /* FBKVOController.m */,
				368F84411AB23038004D963E /* NSObject+FBKVOController.h */,
				368F84421AB23038004D963E /* NSObject+FBKVOController.m */,
			);
			name = FBKVOController;
			path = "#frameworks/FBKVOController";
			sourceTree = "<group>";
		};
		36A19B761AADCC3200B823F0 /* VBFPopFlatButtonClasses */ = {
			isa = PBXGroup;
			children = (
				36A19B771AADCC3200B823F0 /* VBFDoubleSegment.h */,
				36A19B781AADCC3200B823F0 /* VBFDoubleSegment.m */,
				36A19B791AADCC3200B823F0 /* VBFPopFlatButton.h */,
				36A19B7A1AADCC3200B823F0 /* VBFPopFlatButton.m */,
			);
			name = VBFPopFlatButtonClasses;
			path = "#frameworks/VBFPopFlatButtonClasses";
			sourceTree = "<group>";
		};
		36D839221AD81BE300CA9446 /* UImage Categories */ = {
			isa = PBXGroup;
			children = (
				36D839231AD81BE300CA9446 /* UIImage+BlurredFrame.h */,
				36D839241AD81BE300CA9446 /* UIImage+BlurredFrame.m */,
				36D839251AD81BE300CA9446 /* UIImage+ImageEffects.h */,
				36D839261AD81BE300CA9446 /* UIImage+ImageEffects.m */,
			);
			name = "UImage Categories";
			path = "#frameworks/UImage";
			sourceTree = "<group>";
		};
		36D8C1131A90BE8E000DE822 /* 1st  */ = {
			isa = PBXGroup;
			children = (
				36C289581A865B82005357EC /* browseNavC.h */,
				36C289591A865B82005357EC /* browseNavC.m */,
				36C289671A8691E8005357EC /* browseMenuTVC.h */,
				36C289681A8691E8005357EC /* browseMenuTVC.m */,
				360F67E11A87E91800C5B119 /* browseCVC.h */,
				360F67E21A87E91800C5B119 /* browseCVC.m */,
				36570A4F1ACB2F4C0065496D /* categoriesCVC.h */,
				36570A501ACB2F4C0065496D /* categoriesCVC.m */,
				36570A521ACB33F40065496D /* lecturersCVC.h */,
				36570A531ACB33F40065496D /* lecturersCVC.m */,
				36570A551ACB36FA0065496D /* yearsCVC.h */,
				36570A561ACB36FA0065496D /* yearsCVC.m */,
				368418051A892275007DF93D /* episodesCVC.h */,
				368418061A892275007DF93D /* episodesCVC.m */,
				368418081A893CA1007DF93D /* episodeTVC.h */,
				368418091A893CA1007DF93D /* episodeTVC.m */,
			);
			name = "1st ";
			sourceTree = "<group>";
		};
		36E820F21A8F60C600B14B3F /* helpers */ = {
			isa = PBXGroup;
			children = (
				36C289701A86AE2A005357EC /* UIImageView+activity.h */,
				36C289711A86AE2A005357EC /* UIImageView+activity.m */,
				3631C1C91C2DADE100E65129 /* FCFileManager+addons.h */,
				3631C1CA1C2DADE100E65129 /* FCFileManager+addons.m */,
			);
			name = helpers;
			sourceTree = "<group>";
		};
		C2574DCB70CBFAAB345147EB /* Frameworks */ = {
			isa = PBXGroup;
			children = (
				46D79E325EFD23097976AF5B /* libPods-FawaedTV.a */,
			);
			name = Frameworks;
			sourceTree = "<group>";
		};
		CA637410B663B75E6F237C53 /* Pods */ = {
			isa = PBXGroup;
			children = (
				75D81E1E81835BC5AB4058B3 /* Pods-FawaedTV.debug.xcconfig */,
				F1A171DB81EDA6984A5F0BB2 /* Pods-FawaedTV.release.xcconfig */,
				0DE997E4030DDB12DBB0A969 /* Pods-FawaedTV.distribution.xcconfig */,
			);
			name = Pods;
			sourceTree = "<group>";
		};
/* End PBXGroup section */

/* Begin PBXNativeTarget section */
		363C7CDD1A3BA99100A28C93 /* FawaedTV */ = {
			isa = PBXNativeTarget;
			buildConfigurationList = 363C7D011A3BA99100A28C93 /* Build configuration list for PBXNativeTarget "FawaedTV" */;
			buildPhases = (
				BDF453B0D87EB3B110E9E819 /* Check Pods Manifest.lock */,
				363C7CDA1A3BA99100A28C93 /* Sources */,
				363C7CDB1A3BA99100A28C93 /* Frameworks */,
				363C7CDC1A3BA99100A28C93 /* Resources */,
				5F1D40141167A170BF1DC9D5 /* Embed Pods Frameworks */,
				6B7CB990CB4064BC8242EA7E /* Copy Pods Resources */,
			);
			buildRules = (
			);
			dependencies = (
			);
			name = FawaedTV;
			productName = FawaedTV;
			productReference = 363C7CDE1A3BA99100A28C93 /* FawaedTV.app */;
			productType = "com.apple.product-type.application";
		};
		363C7CF61A3BA99100A28C93 /* FawaedTVTests */ = {
			isa = PBXNativeTarget;
			buildConfigurationList = 363C7D041A3BA99100A28C93 /* Build configuration list for PBXNativeTarget "FawaedTVTests" */;
			buildPhases = (
				363C7CF31A3BA99100A28C93 /* Sources */,
				363C7CF41A3BA99100A28C93 /* Frameworks */,
				363C7CF51A3BA99100A28C93 /* Resources */,
			);
			buildRules = (
			);
			dependencies = (
				363C7CF91A3BA99100A28C93 /* PBXTargetDependency */,
			);
			name = FawaedTVTests;
			productName = FawaedTVTests;
			productReference = 363C7CF71A3BA99100A28C93 /* FawaedTVTests.xctest */;
			productType = "com.apple.product-type.bundle.unit-test";
		};
/* End PBXNativeTarget section */

/* Begin PBXProject section */
		363C7CD61A3BA99100A28C93 /* Project object */ = {
			isa = PBXProject;
			attributes = {
				LastUpgradeCheck = 0720;
				ORGANIZATIONNAME = Homam;
				TargetAttributes = {
					363C7CDD1A3BA99100A28C93 = {
						CreatedOnToolsVersion = 6.1.1;
						DevelopmentTeam = 5XZW4WK57B;
						SystemCapabilities = {
							com.apple.BackgroundModes = {
								enabled = 1;
							};
						};
					};
					363C7CF61A3BA99100A28C93 = {
						CreatedOnToolsVersion = 6.1.1;
						DevelopmentTeam = 5XZW4WK57B;
						TestTargetID = 363C7CDD1A3BA99100A28C93;
					};
				};
			};
			buildConfigurationList = 363C7CD91A3BA99100A28C93 /* Build configuration list for PBXProject "FawaedTV" */;
			compatibilityVersion = "Xcode 3.2";
			developmentRegion = English;
			hasScannedForEncodings = 0;
			knownRegions = (
				en,
				Base,
				ar,
			);
			mainGroup = 363C7CD51A3BA99100A28C93;
			productRefGroup = 363C7CDF1A3BA99100A28C93 /* Products */;
			projectDirPath = "";
			projectRoot = "";
			targets = (
				363C7CDD1A3BA99100A28C93 /* FawaedTV */,
				363C7CF61A3BA99100A28C93 /* FawaedTVTests */,
			);
		};
/* End PBXProject section */

/* Begin PBXResourcesBuildPhase section */
		363C7CDC1A3BA99100A28C93 /* Resources */ = {
			isa = PBXResourcesBuildPhase;
			buildActionMask = 2147483647;
			files = (
				363C7CED1A3BA99100A28C93 /* Main.storyboard in Resources */,
				360BC7371AADFE3B00771697 /* InfoPlist.strings in Resources */,
				36C2895C1A865F4F005357EC /* viBrowseTopMenu.xib in Resources */,
				368C98F51ADB01B40098FCAD /* Localizable.strings in Resources */,
				3683D7A71A8A0528003A8A73 /* PBYouTubeVideoView.html in Resources */,
				363C7CF21A3BA99100A28C93 /* LaunchScreen.xib in Resources */,
				363C7CEF1A3BA99100A28C93 /* Images.xcassets in Resources */,
				360BC7381AADFE3B00771697 /* pop-Info.plist in Resources */,
				368C98F61ADB01B40098FCAD /* Main.strings in Resources */,
			);
			runOnlyForDeploymentPostprocessing = 0;
		};
		363C7CF51A3BA99100A28C93 /* Resources */ = {
			isa = PBXResourcesBuildPhase;
			buildActionMask = 2147483647;
			files = (
			);
			runOnlyForDeploymentPostprocessing = 0;
		};
/* End PBXResourcesBuildPhase section */

/* Begin PBXShellScriptBuildPhase section */
		5F1D40141167A170BF1DC9D5 /* Embed Pods Frameworks */ = {
			isa = PBXShellScriptBuildPhase;
			buildActionMask = 2147483647;
			files = (
			);
			inputPaths = (
			);
			name = "Embed Pods Frameworks";
			outputPaths = (
			);
			runOnlyForDeploymentPostprocessing = 0;
			shellPath = /bin/sh;
			shellScript = "\"${SRCROOT}/Pods/Target Support Files/Pods-FawaedTV/Pods-FawaedTV-frameworks.sh\"\n";
			showEnvVarsInLog = 0;
		};
		6B7CB990CB4064BC8242EA7E /* Copy Pods Resources */ = {
			isa = PBXShellScriptBuildPhase;
			buildActionMask = 2147483647;
			files = (
			);
			inputPaths = (
			);
			name = "Copy Pods Resources";
			outputPaths = (
			);
			runOnlyForDeploymentPostprocessing = 0;
			shellPath = /bin/sh;
			shellScript = "\"${SRCROOT}/Pods/Target Support Files/Pods-FawaedTV/Pods-FawaedTV-resources.sh\"\n";
			showEnvVarsInLog = 0;
		};
		BDF453B0D87EB3B110E9E819 /* Check Pods Manifest.lock */ = {
			isa = PBXShellScriptBuildPhase;
			buildActionMask = 2147483647;
			files = (
			);
			inputPaths = (
			);
			name = "Check Pods Manifest.lock";
			outputPaths = (
			);
			runOnlyForDeploymentPostprocessing = 0;
			shellPath = /bin/sh;
			shellScript = "diff \"${PODS_ROOT}/../Podfile.lock\" \"${PODS_ROOT}/Manifest.lock\" > /dev/null\nif [[ $? != 0 ]] ; then\n    cat << EOM\nerror: The sandbox is not in sync with the Podfile.lock. Run 'pod install' or update your CocoaPods installation.\nEOM\n    exit 1\nfi\n";
			showEnvVarsInLog = 0;
		};
/* End PBXShellScriptBuildPhase section */

/* Begin PBXSourcesBuildPhase section */
		363C7CDA1A3BA99100A28C93 /* Sources */ = {
			isa = PBXSourcesBuildPhase;
			buildActionMask = 2147483647;
			files = (
				363C7D4F1A3BB4EE00A28C93 /* lecturerObject.m in Sources */,
				36C289721A86AE2A005357EC /* UIImageView+activity.m in Sources */,
				360BC73A1AADFE3B00771697 /* POPAnimation.mm in Sources */,
				36C90BCE1A8CF8EE00C13494 /* viNavigiationBarContent.m in Sources */,
				3683D7A11A89F94B003A8A73 /* AFAudioRouter.m in Sources */,
				3631C1CB1C2DADE100E65129 /* FCFileManager+addons.m in Sources */,
				36D839271AD81BE300CA9446 /* UIImage+BlurredFrame.m in Sources */,
				360BC7491AADFE3B00771697 /* POPVector.mm in Sources */,
				368418071A892275007DF93D /* episodesCVC.m in Sources */,
				360BC7411AADFE3B00771697 /* POPCGUtils.mm in Sources */,
				363C7D4C1A3BB39200A28C93 /* episodeObject.m in Sources */,
				360BC73E1AADFE3B00771697 /* POPAnimationTracer.mm in Sources */,
				360BC7441AADFE3B00771697 /* POPGeometry.mm in Sources */,
				36D839281AD81BE300CA9446 /* UIImage+ImageEffects.m in Sources */,
				36C2895A1A865B82005357EC /* browseNavC.m in Sources */,
				360BC7401AADFE3B00771697 /* POPBasicAnimation.mm in Sources */,
				360BC7471AADFE3B00771697 /* POPPropertyAnimation.mm in Sources */,
				36E820E01A8F586000B14B3F /* bookmarkObj.m in Sources */,
				363C7CE71A3BA99100A28C93 /* AppDelegate.m in Sources */,
				360F67E31A87E91800C5B119 /* browseCVC.m in Sources */,
				36570A511ACB2F4C0065496D /* categoriesCVC.m in Sources */,
				360BC7391AADFE3B00771697 /* POPAnimatableProperty.mm in Sources */,
				36E820F51A8F60DB00B14B3F /* databaseManager.m in Sources */,
				368F84431AB23038004D963E /* FBKVOController.m in Sources */,
				360BC7451AADFE3B00771697 /* POPLayerExtras.mm in Sources */,
				363C7D481A3BB2FC00A28C93 /* seriesObject.m in Sources */,
				36A05AAB1A8C03A900EEE01F /* audioPlayerVC.m in Sources */,
				36977C591AAF81430050C0FC /* downloadsTVC.m in Sources */,
				360BC73B1AADFE3B00771697 /* POPAnimationEvent.mm in Sources */,
				36C2896F1A86A64D005357EC /* generalCVCCell.m in Sources */,
				363C7D521A3BB64100A28C93 /* categoryObject.m in Sources */,
				36C289691A8691E8005357EC /* browseMenuTVC.m in Sources */,
				3684180A1A893CA1007DF93D /* episodeTVC.m in Sources */,
				363C7CE41A3BA99100A28C93 /* main.m in Sources */,
				360BC7421AADFE3B00771697 /* POPCustomAnimation.mm in Sources */,
				36DEDD611A989D490039A854 /* browseMenuTVCCell.m in Sources */,
				360BC7481AADFE3B00771697 /* POPSpringAnimation.mm in Sources */,
				3683D7A81A8A0528003A8A73 /* PBYouTubeVideoViewController.m in Sources */,
				369A62161AB3A9E900020E22 /* ddProgressBtn.m in Sources */,
				360B76911A911A1200832CA9 /* myLibraryCVC.m in Sources */,
				36A19B8F1AADCC3200B823F0 /* VBFDoubleSegment.m in Sources */,
				360BC73C1AADFE3B00771697 /* POPAnimationExtras.mm in Sources */,
				363C7D551A3BB68500A28C93 /* yearObject.m in Sources */,
				360BC74A1AADFE3B00771697 /* TransformationMatrix.cpp in Sources */,
				363C7D091A3BA9BD00A28C93 /* serverManager.m in Sources */,
				36A5B2611AC949AD009E51B7 /* fileObject.m in Sources */,
				36570A571ACB36FA0065496D /* yearsCVC.m in Sources */,
				36A5B25E1AC9405A009E51B7 /* episodsManager.m in Sources */,
				360BC73D1AADFE3B00771697 /* POPAnimationRuntime.mm in Sources */,
				360BC73F1AADFE3B00771697 /* POPAnimator.mm in Sources */,
				36A19B901AADCC3200B823F0 /* VBFPopFlatButton.m in Sources */,
				360BC7461AADFE3B00771697 /* POPMath.mm in Sources */,
				368F84441AB23038004D963E /* NSObject+FBKVOController.m in Sources */,
				3683D7AB1A8A155A003A8A73 /* appTBVC.m in Sources */,
				36B3D4271A9CF42F00B6A14A /* downloadManager.m in Sources */,
				36977C5C1AAF82F10050C0FC /* downloadsTVCCell.m in Sources */,
				360BC7431AADFE3B00771697 /* POPDecayAnimation.mm in Sources */,
				36570A541ACB33F40065496D /* lecturersCVC.m in Sources */,
				368C98EA1ADAD9900098FCAD /* appObject.m in Sources */,
				3683D7A21A89F94B003A8A73 /* AFSoundManager.m in Sources */,
			);
			runOnlyForDeploymentPostprocessing = 0;
		};
		363C7CF31A3BA99100A28C93 /* Sources */ = {
			isa = PBXSourcesBuildPhase;
			buildActionMask = 2147483647;
			files = (
				363C7CFE1A3BA99100A28C93 /* FawaedTVTests.m in Sources */,
			);
			runOnlyForDeploymentPostprocessing = 0;
		};
/* End PBXSourcesBuildPhase section */

/* Begin PBXTargetDependency section */
		363C7CF91A3BA99100A28C93 /* PBXTargetDependency */ = {
			isa = PBXTargetDependency;
			target = 363C7CDD1A3BA99100A28C93 /* FawaedTV */;
			targetProxy = 363C7CF81A3BA99100A28C93 /* PBXContainerItemProxy */;
		};
/* End PBXTargetDependency section */

/* Begin PBXVariantGroup section */
		360BC6FF1AADFE3B00771697 /* InfoPlist.strings */ = {
			isa = PBXVariantGroup;
			children = (
				360BC7001AADFE3B00771697 /* en */,
			);
			name = InfoPlist.strings;
			sourceTree = "<group>";
		};
		363C7CEB1A3BA99100A28C93 /* Main.storyboard */ = {
			isa = PBXVariantGroup;
			children = (
				363C7CEC1A3BA99100A28C93 /* Base */,
				368C98EF1ADAFF380098FCAD /* ar */,
			);
			name = Main.storyboard;
			sourceTree = "<group>";
		};
		363C7CF01A3BA99100A28C93 /* LaunchScreen.xib */ = {
			isa = PBXVariantGroup;
			children = (
				363C7CF11A3BA99100A28C93 /* Base */,
			);
			name = LaunchScreen.xib;
			sourceTree = "<group>";
		};
		368C98F11ADB01B40098FCAD /* Localizable.strings */ = {
			isa = PBXVariantGroup;
			children = (
				368C98F21ADB01B40098FCAD /* ar */,
			);
			name = Localizable.strings;
			sourceTree = "<group>";
		};
		368C98F31ADB01B40098FCAD /* Main.strings */ = {
			isa = PBXVariantGroup;
			children = (
				368C98F41ADB01B40098FCAD /* ar */,
			);
			name = Main.strings;
			sourceTree = "<group>";
		};
/* End PBXVariantGroup section */

/* Begin XCBuildConfiguration section */
		3617EC161B04188F00A419A7 /* Distribution */ = {
			isa = XCBuildConfiguration;
			buildSettings = {
				ALWAYS_SEARCH_USER_PATHS = NO;
				CLANG_CXX_LANGUAGE_STANDARD = "gnu++0x";
				CLANG_CXX_LIBRARY = "libc++";
				CLANG_ENABLE_MODULES = YES;
				CLANG_ENABLE_OBJC_ARC = YES;
				CLANG_WARN_BOOL_CONVERSION = YES;
				CLANG_WARN_CONSTANT_CONVERSION = YES;
				CLANG_WARN_DIRECT_OBJC_ISA_USAGE = YES_ERROR;
				CLANG_WARN_EMPTY_BODY = YES;
				CLANG_WARN_ENUM_CONVERSION = YES;
				CLANG_WARN_INT_CONVERSION = YES;
				CLANG_WARN_OBJC_ROOT_CLASS = YES_ERROR;
				CLANG_WARN_UNREACHABLE_CODE = YES;
				CLANG_WARN__DUPLICATE_METHOD_MATCH = YES;
				CODE_SIGN_IDENTITY = "iPhone Distribution: Fawaed TV (5XZW4WK57B)";
				COPY_PHASE_STRIP = YES;
				ENABLE_NS_ASSERTIONS = NO;
				ENABLE_STRICT_OBJC_MSGSEND = YES;
				GCC_C_LANGUAGE_STANDARD = gnu99;
				GCC_WARN_64_TO_32_BIT_CONVERSION = YES;
				GCC_WARN_ABOUT_RETURN_TYPE = YES_ERROR;
				GCC_WARN_UNDECLARED_SELECTOR = YES;
				GCC_WARN_UNINITIALIZED_AUTOS = YES_AGGRESSIVE;
				GCC_WARN_UNUSED_FUNCTION = YES;
				GCC_WARN_UNUSED_VARIABLE = YES;
				HEADER_SEARCH_PATHS = (
					"$(SRCROOT)/#frameworks",
					"$(inherited)",
					/Applications/Xcode.app/Contents/Developer/Toolchains/XcodeDefault.xctoolchain/usr/include,
				);
				IPHONEOS_DEPLOYMENT_TARGET = 7.0;
				MTL_ENABLE_DEBUG_INFO = NO;
				OTHER_LDFLAGS = "-lc++";
				PROVISIONING_PROFILE = "4109a84e-3172-46f4-b0b6-b2c5c1a969ed";
				SDKROOT = iphoneos;
				VALIDATE_PRODUCT = YES;
			};
			name = Distribution;
		};
		3617EC171B04188F00A419A7 /* Distribution */ = {
			isa = XCBuildConfiguration;
			baseConfigurationReference = 0DE997E4030DDB12DBB0A969 /* Pods-FawaedTV.distribution.xcconfig */;
			buildSettings = {
				ASSETCATALOG_COMPILER_APPICON_NAME = AppIcon;
				ASSETCATALOG_COMPILER_LAUNCHIMAGE_NAME = LaunchImage;
				CODE_SIGN_IDENTITY = "iPhone Distribution: Fawaed TV (5XZW4WK57B)";
				"CODE_SIGN_IDENTITY[sdk=iphoneos*]" = "iPhone Distribution: Fawaed TV (5XZW4WK57B)";
				FRAMEWORK_SEARCH_PATHS = (
					"$(inherited)",
					"$(PROJECT_DIR)",
					"$(PROJECT_DIR)/FawaedTV/#frameworks",
					"$(PROJECT_DIR)/FawaedTV/",
				);
				HEADER_SEARCH_PATHS = (
					"$(inherited)",
					"${SRCROOT}/#frameworks",
				);
				INFOPLIST_FILE = FawaedTV/Info.plist;
				IPHONEOS_DEPLOYMENT_TARGET = 7.0;
				LD_RUNPATH_SEARCH_PATHS = "$(inherited) @executable_path/Frameworks";
				OTHER_LDFLAGS = "$(inherited)";
				PRODUCT_BUNDLE_IDENTIFIER = tv.fawaed;
				PRODUCT_NAME = "$(TARGET_NAME)";
				PROVISIONING_PROFILE = "";
				TARGETED_DEVICE_FAMILY = 1;
			};
			name = Distribution;
		};
		3617EC181B04188F00A419A7 /* Distribution */ = {
			isa = XCBuildConfiguration;
			buildSettings = {
				BUNDLE_LOADER = "$(TEST_HOST)";
				CODE_SIGN_ENTITLEMENTS = "";
				"CODE_SIGN_ENTITLEMENTS[sdk=*]" = "";
				CODE_SIGN_IDENTITY = "";
				FRAMEWORK_SEARCH_PATHS = "$(inherited)";
				HEADER_SEARCH_PATHS = (
					"$(SRCROOT)/#frameworks",
					"$(inherited)",
				);
				INFOPLIST_FILE = FawaedTVTests/Info.plist;
				LD_RUNPATH_SEARCH_PATHS = "$(inherited) @executable_path/Frameworks @loader_path/Frameworks";
				PRODUCT_BUNDLE_IDENTIFIER = "homam.$(PRODUCT_NAME:rfc1034identifier)";
				PRODUCT_NAME = "$(TARGET_NAME)";
				PROVISIONING_PROFILE = "";
				TEST_HOST = "$(BUILT_PRODUCTS_DIR)/FawaedTV.app/FawaedTV";
			};
			name = Distribution;
		};
		363C7CFF1A3BA99100A28C93 /* Debug */ = {
			isa = XCBuildConfiguration;
			buildSettings = {
				ALWAYS_SEARCH_USER_PATHS = NO;
				CLANG_CXX_LANGUAGE_STANDARD = "gnu++0x";
				CLANG_CXX_LIBRARY = "libc++";
				CLANG_ENABLE_MODULES = YES;
				CLANG_ENABLE_OBJC_ARC = YES;
				CLANG_WARN_BOOL_CONVERSION = YES;
				CLANG_WARN_CONSTANT_CONVERSION = YES;
				CLANG_WARN_DIRECT_OBJC_ISA_USAGE = YES_ERROR;
				CLANG_WARN_EMPTY_BODY = YES;
				CLANG_WARN_ENUM_CONVERSION = YES;
				CLANG_WARN_INT_CONVERSION = YES;
				CLANG_WARN_OBJC_ROOT_CLASS = YES_ERROR;
				CLANG_WARN_UNREACHABLE_CODE = YES;
				CLANG_WARN__DUPLICATE_METHOD_MATCH = YES;
				CODE_SIGN_IDENTITY = "iPhone Distribution: Fawaed TV (5XZW4WK57B)";
				COPY_PHASE_STRIP = NO;
				ENABLE_STRICT_OBJC_MSGSEND = YES;
				ENABLE_TESTABILITY = YES;
				GCC_C_LANGUAGE_STANDARD = gnu99;
				GCC_DYNAMIC_NO_PIC = NO;
				GCC_OPTIMIZATION_LEVEL = 0;
				GCC_PREPROCESSOR_DEFINITIONS = (
					"DEBUG=1",
					"$(inherited)",
				);
				GCC_SYMBOLS_PRIVATE_EXTERN = NO;
				GCC_WARN_64_TO_32_BIT_CONVERSION = YES;
				GCC_WARN_ABOUT_RETURN_TYPE = YES_ERROR;
				GCC_WARN_UNDECLARED_SELECTOR = YES;
				GCC_WARN_UNINITIALIZED_AUTOS = YES_AGGRESSIVE;
				GCC_WARN_UNUSED_FUNCTION = YES;
				GCC_WARN_UNUSED_VARIABLE = YES;
				HEADER_SEARCH_PATHS = (
					"$(SRCROOT)/#frameworks",
					"$(inherited)",
					/Applications/Xcode.app/Contents/Developer/Toolchains/XcodeDefault.xctoolchain/usr/include,
				);
				IPHONEOS_DEPLOYMENT_TARGET = 7.0;
				MTL_ENABLE_DEBUG_INFO = YES;
				ONLY_ACTIVE_ARCH = YES;
				OTHER_LDFLAGS = "-lc++";
				PROVISIONING_PROFILE = "4109a84e-3172-46f4-b0b6-b2c5c1a969ed";
				SDKROOT = iphoneos;
			};
			name = Debug;
		};
		363C7D001A3BA99100A28C93 /* Release */ = {
			isa = XCBuildConfiguration;
			buildSettings = {
				ALWAYS_SEARCH_USER_PATHS = NO;
				CLANG_CXX_LANGUAGE_STANDARD = "gnu++0x";
				CLANG_CXX_LIBRARY = "libc++";
				CLANG_ENABLE_MODULES = YES;
				CLANG_ENABLE_OBJC_ARC = YES;
				CLANG_WARN_BOOL_CONVERSION = YES;
				CLANG_WARN_CONSTANT_CONVERSION = YES;
				CLANG_WARN_DIRECT_OBJC_ISA_USAGE = YES_ERROR;
				CLANG_WARN_EMPTY_BODY = YES;
				CLANG_WARN_ENUM_CONVERSION = YES;
				CLANG_WARN_INT_CONVERSION = YES;
				CLANG_WARN_OBJC_ROOT_CLASS = YES_ERROR;
				CLANG_WARN_UNREACHABLE_CODE = YES;
				CLANG_WARN__DUPLICATE_METHOD_MATCH = YES;
				CODE_SIGN_IDENTITY = "iPhone Distribution: Fawaed TV (5XZW4WK57B)";
				COPY_PHASE_STRIP = YES;
				ENABLE_NS_ASSERTIONS = NO;
				ENABLE_STRICT_OBJC_MSGSEND = YES;
				GCC_C_LANGUAGE_STANDARD = gnu99;
				GCC_WARN_64_TO_32_BIT_CONVERSION = YES;
				GCC_WARN_ABOUT_RETURN_TYPE = YES_ERROR;
				GCC_WARN_UNDECLARED_SELECTOR = YES;
				GCC_WARN_UNINITIALIZED_AUTOS = YES_AGGRESSIVE;
				GCC_WARN_UNUSED_FUNCTION = YES;
				GCC_WARN_UNUSED_VARIABLE = YES;
				HEADER_SEARCH_PATHS = (
					"$(SRCROOT)/#frameworks",
					"$(inherited)",
					/Applications/Xcode.app/Contents/Developer/Toolchains/XcodeDefault.xctoolchain/usr/include,
				);
				IPHONEOS_DEPLOYMENT_TARGET = 7.0;
				MTL_ENABLE_DEBUG_INFO = NO;
				OTHER_LDFLAGS = "-lc++";
				PROVISIONING_PROFILE = "4109a84e-3172-46f4-b0b6-b2c5c1a969ed";
				SDKROOT = iphoneos;
				VALIDATE_PRODUCT = YES;
			};
			name = Release;
		};
		363C7D021A3BA99100A28C93 /* Debug */ = {
			isa = XCBuildConfiguration;
			baseConfigurationReference = 75D81E1E81835BC5AB4058B3 /* Pods-FawaedTV.debug.xcconfig */;
			buildSettings = {
				ASSETCATALOG_COMPILER_APPICON_NAME = AppIcon;
				ASSETCATALOG_COMPILER_LAUNCHIMAGE_NAME = LaunchImage;
				CODE_SIGN_IDENTITY = "iPhone Distribution: Fawaed TV (5XZW4WK57B)";
				"CODE_SIGN_IDENTITY[sdk=iphoneos*]" = "iPhone Distribution: Fawaed TV (5XZW4WK57B)";
				FRAMEWORK_SEARCH_PATHS = (
					"$(inherited)",
					"$(PROJECT_DIR)",
					"$(PROJECT_DIR)/FawaedTV/#frameworks",
					"$(PROJECT_DIR)/FawaedTV/",
				);
				HEADER_SEARCH_PATHS = (
					"$(inherited)",
					"${SRCROOT}/#frameworks",
				);
				INFOPLIST_FILE = FawaedTV/Info.plist;
				IPHONEOS_DEPLOYMENT_TARGET = 7.0;
				LD_RUNPATH_SEARCH_PATHS = "$(inherited) @executable_path/Frameworks";
				OTHER_LDFLAGS = "$(inherited)";
				PRODUCT_BUNDLE_IDENTIFIER = tv.fawaed;
				PRODUCT_NAME = "$(TARGET_NAME)";
				PROVISIONING_PROFILE = "";
				TARGETED_DEVICE_FAMILY = 1;
			};
			name = Debug;
		};
		363C7D031A3BA99100A28C93 /* Release */ = {
			isa = XCBuildConfiguration;
			baseConfigurationReference = F1A171DB81EDA6984A5F0BB2 /* Pods-FawaedTV.release.xcconfig */;
			buildSettings = {
				ASSETCATALOG_COMPILER_APPICON_NAME = AppIcon;
				ASSETCATALOG_COMPILER_LAUNCHIMAGE_NAME = LaunchImage;
				CODE_SIGN_IDENTITY = "iPhone Distribution: Fawaed TV (5XZW4WK57B)";
				"CODE_SIGN_IDENTITY[sdk=iphoneos*]" = "iPhone Distribution: Fawaed TV (5XZW4WK57B)";
				FRAMEWORK_SEARCH_PATHS = (
					"$(inherited)",
					"$(PROJECT_DIR)",
					"$(PROJECT_DIR)/FawaedTV/#frameworks",
					"$(PROJECT_DIR)/FawaedTV/",
				);
				HEADER_SEARCH_PATHS = (
					"$(inherited)",
					"${SRCROOT}/#frameworks",
				);
				INFOPLIST_FILE = FawaedTV/Info.plist;
				IPHONEOS_DEPLOYMENT_TARGET = 7.0;
				LD_RUNPATH_SEARCH_PATHS = "$(inherited) @executable_path/Frameworks";
				OTHER_LDFLAGS = "$(inherited)";
				PRODUCT_BUNDLE_IDENTIFIER = tv.fawaed;
				PRODUCT_NAME = "$(TARGET_NAME)";
				PROVISIONING_PROFILE = "";
				TARGETED_DEVICE_FAMILY = 1;
			};
			name = Release;
		};
		363C7D051A3BA99100A28C93 /* Debug */ = {
			isa = XCBuildConfiguration;
			buildSettings = {
				BUNDLE_LOADER = "$(TEST_HOST)";
				CODE_SIGN_ENTITLEMENTS = "";
				CODE_SIGN_IDENTITY = "";
				FRAMEWORK_SEARCH_PATHS = "$(inherited)";
				GCC_PREPROCESSOR_DEFINITIONS = (
					"DEBUG=1",
					"$(inherited)",
				);
				HEADER_SEARCH_PATHS = (
					"$(SRCROOT)/#frameworks",
					"$(inherited)",
				);
				INFOPLIST_FILE = FawaedTVTests/Info.plist;
				LD_RUNPATH_SEARCH_PATHS = "$(inherited) @executable_path/Frameworks @loader_path/Frameworks";
				PRODUCT_BUNDLE_IDENTIFIER = "homam.$(PRODUCT_NAME:rfc1034identifier)";
				PRODUCT_NAME = "$(TARGET_NAME)";
				PROVISIONING_PROFILE = "";
				TEST_HOST = "$(BUILT_PRODUCTS_DIR)/FawaedTV.app/FawaedTV";
			};
			name = Debug;
		};
		363C7D061A3BA99100A28C93 /* Release */ = {
			isa = XCBuildConfiguration;
			buildSettings = {
				BUNDLE_LOADER = "$(TEST_HOST)";
				CODE_SIGN_ENTITLEMENTS = "";
				"CODE_SIGN_ENTITLEMENTS[sdk=*]" = "";
				CODE_SIGN_IDENTITY = "";
				FRAMEWORK_SEARCH_PATHS = "$(inherited)";
				HEADER_SEARCH_PATHS = (
					"$(SRCROOT)/#frameworks",
					"$(inherited)",
				);
				INFOPLIST_FILE = FawaedTVTests/Info.plist;
				LD_RUNPATH_SEARCH_PATHS = "$(inherited) @executable_path/Frameworks @loader_path/Frameworks";
				PRODUCT_BUNDLE_IDENTIFIER = "homam.$(PRODUCT_NAME:rfc1034identifier)";
				PRODUCT_NAME = "$(TARGET_NAME)";
				PROVISIONING_PROFILE = "";
				TEST_HOST = "$(BUILT_PRODUCTS_DIR)/FawaedTV.app/FawaedTV";
			};
			name = Release;
		};
/* End XCBuildConfiguration section */

/* Begin XCConfigurationList section */
		363C7CD91A3BA99100A28C93 /* Build configuration list for PBXProject "FawaedTV" */ = {
			isa = XCConfigurationList;
			buildConfigurations = (
				363C7CFF1A3BA99100A28C93 /* Debug */,
				363C7D001A3BA99100A28C93 /* Release */,
				3617EC161B04188F00A419A7 /* Distribution */,
			);
			defaultConfigurationIsVisible = 0;
			defaultConfigurationName = Release;
		};
		363C7D011A3BA99100A28C93 /* Build configuration list for PBXNativeTarget "FawaedTV" */ = {
			isa = XCConfigurationList;
			buildConfigurations = (
				363C7D021A3BA99100A28C93 /* Debug */,
				363C7D031A3BA99100A28C93 /* Release */,
				3617EC171B04188F00A419A7 /* Distribution */,
			);
			defaultConfigurationIsVisible = 0;
			defaultConfigurationName = Release;
		};
		363C7D041A3BA99100A28C93 /* Build configuration list for PBXNativeTarget "FawaedTVTests" */ = {
			isa = XCConfigurationList;
			buildConfigurations = (
				363C7D051A3BA99100A28C93 /* Debug */,
				363C7D061A3BA99100A28C93 /* Release */,
				3617EC181B04188F00A419A7 /* Distribution */,
			);
			defaultConfigurationIsVisible = 0;
			defaultConfigurationName = Release;
		};
/* End XCConfigurationList section */
	};
	rootObject = 363C7CD61A3BA99100A28C93 /* Project object */;
}
